
Microsoft Visual Studio Solution File, Format Version 12.00
# Visual Studio 15
VisualStudioVersion = 15.0.28307.489
MinimumVisualStudioVersion = 10.0.40219.1
Project("{2150E333-8FDC-42A3-9474-1A3956D46DE8}") = "Samples", "Samples", "{E2E20A0B-3FE4-4B0A-B551-BC8C666EA02D}"
EndProject
Project("{8BC9CEB8-8B4A-11D0-8D11-00A0C91BC942}") = "cal", "cal\cal.vcxproj", "{A628C67C-7642-458A-8334-08471D408D5A}"
EndProject
Project("{2150E333-8FDC-42A3-9474-1A3956D46DE8}") = "Tests", "Tests", "{C0915505-DA78-4754-9A57-E1BA5BBCEC74}"
EndProject
Project("{8BC9CEB8-8B4A-11D0-8D11-00A0C91BC942}") = "cintltst", "cintltst\cintltst.vcxproj", "{95818E8E-373D-41A7-A2D5-B231E29C1CC9}"
EndProject
Project("{8BC9CEB8-8B4A-11D0-8D11-00A0C91BC942}") = "date", "date\date.vcxproj", "{1988DC68-B31B-44C2-BDE8-C4000D9A3140}"
EndProject
Project("{8BC9CEB8-8B4A-11D0-8D11-00A0C91BC942}") = "intltest", "intltest\intltest.vcxproj", "{FAE28CA3-D2BC-45CC-858E-52C56F65EA93}"
EndProject
Project("{8BC9CEB8-8B4A-11D0-8D11-00A0C91BC942}") = "iotest", "iotest\iotest.vcxproj", "{4782440F-985E-451D-8664-656BCAD43A61}"
EndProject
Project("{2150E333-8FDC-42A3-9474-1A3956D46DE8}") = "Extra", "Extra", "{D639DF7B-5999-4B4C-A59C-C382F4C8C363}"
EndProject
Project("{8BC9CEB8-8B4A-11D0-8D11-00A0C91BC942}") = "uconv", "uconv\uconv.vcxproj", "{21A60050-ED9F-437F-96AB-FD776BC72140}"
	ProjectSection(ProjectDependencies) = postProject
		{DBD02997-CFD6-4416-8F0A-FFC39F798055} = {DBD02997-CFD6-4416-8F0A-FFC39F798055}
		{F50DA6FA-C4C6-4388-9C11-458318D42862} = {F50DA6FA-C4C6-4388-9C11-458318D42862}
	EndProjectSection
EndProject
Project("{2150E333-8FDC-42A3-9474-1A3956D46DE8}") = "Tools", "Tools", "{5E5B4E9C-3CD1-46A1-9DD4-10F6B470A42B}"
EndProject
Project("{8BC9CEB8-8B4A-11D0-8D11-00A0C91BC942}") = "icutestdll", "icutestdll\icutestdll.vcxproj", "{BD40C751-DDAB-44E3-9C7E-920DD8897108}"
EndProject
Project("{8BC9CEB8-8B4A-11D0-8D11-00A0C91BC942}") = "derb", "derb\derb.vcxproj", "{56B1CD08-18B4-4F51-A710-1D4BF8B232F4}"
EndProject
Project("{8BC9CEB8-8B4A-11D0-8D11-00A0C91BC942}") = "genbrk", "genbrk\genbrk.vcxproj", "{CC771C23-C26F-4644-88A7-93AB457BDDCE}"
EndProject
Project("{8BC9CEB8-8B4A-11D0-8D11-00A0C91BC942}") = "gencode", "gencode\gencode.vcxproj", "{8FA00980-C259-46F8-8C1D-A58967C2E19C}"
EndProject
Project("{8BC9CEB8-8B4A-11D0-8D11-00A0C91BC942}") = "gencfu", "gencfu\gencfu.vcxproj", "{836C4BB9-AC8E-4C07-804E-2773FD453F1C}"
EndProject
Project("{8BC9CEB8-8B4A-11D0-8D11-00A0C91BC942}") = "gencmn", "gencmn\gencmn.vcxproj", "{AA553DB8-C4CE-42B6-A1C7-B5E4EC0941CF}"
EndProject
Project("{8BC9CEB8-8B4A-11D0-8D11-00A0C91BC942}") = "gencnval", "gencnval\gencnval.vcxproj", "{CCF218F9-CF4F-42C7-B8D6-36A307E1DE53}"
EndProject
Project("{8BC9CEB8-8B4A-11D0-8D11-00A0C91BC942}") = "gendict", "gendict\gendict.vcxproj", "{563B24DD-D353-4CEA-BC43-4DC47A5AD55E}"
EndProject
Project("{8BC9CEB8-8B4A-11D0-8D11-00A0C91BC942}") = "gennorm2", "gennorm2\gennorm2.vcxproj", "{343344A7-9C57-4546-AFA0-C40537006BF3}"
EndProject
Project("{8BC9CEB8-8B4A-11D0-8D11-00A0C91BC942}") = "genrb", "genrb\genrb.vcxproj", "{F50DA6FA-C4C6-4388-9C11-458318D42862}"
EndProject
Project("{8BC9CEB8-8B4A-11D0-8D11-00A0C91BC942}") = "gensprep", "gensprep\gensprep.vcxproj", "{19DB353F-84EF-4C64-AD91-DD99C731688A}"
EndProject
Project("{8BC9CEB8-8B4A-11D0-8D11-00A0C91BC942}") = "gentest", "gentest\gentest.vcxproj", "{56B3C135-F8B7-4CE2-8F91-14899D55BCEB}"
EndProject
Project("{8BC9CEB8-8B4A-11D0-8D11-00A0C91BC942}") = "icuucdll", "icuucdll\icuucdll.vcxproj", "{40878BB9-D3AB-4FBD-81B4-8B297CDEF95B}"
	ProjectSection(ProjectDependencies) = postProject
		{E6F3C2F8-329E-4668-A555-571C1458EC5B} = {E6F3C2F8-329E-4668-A555-571C1458EC5B}
	EndProjectSection
EndProject
Project("{8BC9CEB8-8B4A-11D0-8D11-00A0C91BC942}") = "icuindll", "icuindll\icuindll.vcxproj", "{0572C33E-1EF4-4324-8C41-5335939C71D5}"
EndProject
Project("{8BC9CEB8-8B4A-11D0-8D11-00A0C91BC942}") = "icuinfo", "icuinfo\icuinfo.vcxproj", "{9622FC4E-984F-42A5-BA24-0E2885304627}"
EndProject
Project("{8BC9CEB8-8B4A-11D0-8D11-00A0C91BC942}") = "icupkg", "icupkg\icupkg.vcxproj", "{D158CF49-8B32-4AD6-9003-18971AB69162}"
EndProject
Project("{8BC9CEB8-8B4A-11D0-8D11-00A0C91BC942}") = "icuiodll", "icuiodll\icuiodll.vcxproj", "{7BA5CDCD-B11E-44CA-A269-FB9BB5D4E344}"
EndProject
Project("{8BC9CEB8-8B4A-11D0-8D11-00A0C91BC942}") = "makeconv", "makeconv\makeconv.vcxproj", "{EE4265BD-9E42-4187-813B-9DC7F9C35D42}"
EndProject
Project("{8BC9CEB8-8B4A-11D0-8D11-00A0C91BC942}") = "pkgdata", "pkgdata\pkgdata.vcxproj", "{DBD02997-CFD6-4416-8F0A-FFC39F798055}"
EndProject
Project("{8BC9CEB8-8B4A-11D0-8D11-00A0C91BC942}") = "icudtdll", "icudtdll\icudtdll.vcxproj", "{56B69CE3-9015-41AB-8094-6F1C1BE91C48}"
	ProjectSection(ProjectDependencies) = postProject
		{191F1EDA-BC35-4D27-8090-442213AF23BF} = {191F1EDA-BC35-4D27-8090-442213AF23BF}
	EndProjectSection
EndProject
Project("{8BC9CEB8-8B4A-11D0-8D11-00A0C91BC942}") = "testplugdll", "testplugdll\testplugdll.vcxproj", "{C244D8D4-AE6A-4201-9442-908DC6D2ED51}"
EndProject
Project("{2150E333-8FDC-42A3-9474-1A3956D46DE8}") = "ICU Info", "ICU Info", "{ED4C5771-6F44-4AC3-AB68-53AC00462EC3}"
EndProject
Project("{8BC9CEB8-8B4A-11D0-8D11-00A0C91BC942}") = "icutudll", "icutudll\icutudll.vcxproj", "{A91ACD36-83C5-44CE-BD98-8D9C3424888D}"
EndProject
Project("{8BC9CEB8-8B4A-11D0-8D11-00A0C91BC942}") = "icudtlib", "icudtlib\icudtlib.vcxproj", "{191F1EDA-BC35-4D27-8090-442213AF23BF}"
	ProjectSection(ProjectDependencies) = postProject
		{E6F3C2F8-329E-4668-A555-571C1458EC5B} = {E6F3C2F8-329E-4668-A555-571C1458EC5B}
	EndProjectSection
EndProject
Project("{8BC9CEB8-8B4A-11D0-8D11-00A0C91BC942}") = "icuinlib", "icuinlib\icuinlib.vcxproj", "{679FAA56-D3E0-4BA3-B934-CDE28E41E32D}"
EndProject
Project("{8BC9CEB8-8B4A-11D0-8D11-00A0C91BC942}") = "icuiolib", "icuiolib\icuiolib.vcxproj", "{8CB7FA41-D7AC-40B3-821D-6E4423ABCD88}"
EndProject
Project("{8BC9CEB8-8B4A-11D0-8D11-00A0C91BC942}") = "icutulib", "icutulib\icutulib.vcxproj", "{255B6EAA-651D-4964-A21C-306138BC4030}"
EndProject
Project("{8BC9CEB8-8B4A-11D0-8D11-00A0C91BC942}") = "icuuclib", "icuuclib\icuuclib.vcxproj", "{E6F3C2F8-329E-4668-A555-571C1458EC5B}"
EndProject
Global
	GlobalSection(SolutionConfigurationPlatforms) = preSolution
		Debug|x64 = Debug|x64
		Debug|x86 = Debug|x86
		Release|x64 = Release|x64
		Release|x86 = Release|x86
	EndGlobalSection
	GlobalSection(ProjectConfigurationPlatforms) = postSolution
		{A628C67C-7642-458A-8334-08471D408D5A}.Debug|x64.ActiveCfg = Debug|x64
		{A628C67C-7642-458A-8334-08471D408D5A}.Debug|x64.Build.0 = Debug|x64
		{A628C67C-7642-458A-8334-08471D408D5A}.Debug|x86.ActiveCfg = Debug|Win32
		{A628C67C-7642-458A-8334-08471D408D5A}.Debug|x86.Build.0 = Debug|Win32
		{A628C67C-7642-458A-8334-08471D408D5A}.Release|x64.ActiveCfg = Release|x64
		{A628C67C-7642-458A-8334-08471D408D5A}.Release|x64.Build.0 = Release|x64
		{A628C67C-7642-458A-8334-08471D408D5A}.Release|x86.ActiveCfg = Release|Win32
		{A628C67C-7642-458A-8334-08471D408D5A}.Release|x86.Build.0 = Release|Win32
		{95818E8E-373D-41A7-A2D5-B231E29C1CC9}.Debug|x64.ActiveCfg = Debug|x64
		{95818E8E-373D-41A7-A2D5-B231E29C1CC9}.Debug|x64.Build.0 = Debug|x64
		{95818E8E-373D-41A7-A2D5-B231E29C1CC9}.Debug|x86.ActiveCfg = Debug|Win32
		{95818E8E-373D-41A7-A2D5-B231E29C1CC9}.Debug|x86.Build.0 = Debug|Win32
		{95818E8E-373D-41A7-A2D5-B231E29C1CC9}.Release|x64.ActiveCfg = Release|x64
		{95818E8E-373D-41A7-A2D5-B231E29C1CC9}.Release|x64.Build.0 = Release|x64
		{95818E8E-373D-41A7-A2D5-B231E29C1CC9}.Release|x86.ActiveCfg = Release|Win32
		{95818E8E-373D-41A7-A2D5-B231E29C1CC9}.Release|x86.Build.0 = Release|Win32
		{1988DC68-B31B-44C2-BDE8-C4000D9A3140}.Debug|x64.ActiveCfg = Debug|x64
		{1988DC68-B31B-44C2-BDE8-C4000D9A3140}.Debug|x64.Build.0 = Debug|x64
		{1988DC68-B31B-44C2-BDE8-C4000D9A3140}.Debug|x86.ActiveCfg = Debug|Win32
		{1988DC68-B31B-44C2-BDE8-C4000D9A3140}.Debug|x86.Build.0 = Debug|Win32
		{1988DC68-B31B-44C2-BDE8-C4000D9A3140}.Release|x64.ActiveCfg = Release|x64
		{1988DC68-B31B-44C2-BDE8-C4000D9A3140}.Release|x64.Build.0 = Release|x64
		{1988DC68-B31B-44C2-BDE8-C4000D9A3140}.Release|x86.ActiveCfg = Release|Win32
		{1988DC68-B31B-44C2-BDE8-C4000D9A3140}.Release|x86.Build.0 = Release|Win32
		{FAE28CA3-D2BC-45CC-858E-52C56F65EA93}.Debug|x64.ActiveCfg = Debug|x64
		{FAE28CA3-D2BC-45CC-858E-52C56F65EA93}.Debug|x64.Build.0 = Debug|x64
		{FAE28CA3-D2BC-45CC-858E-52C56F65EA93}.Debug|x86.ActiveCfg = Debug|Win32
		{FAE28CA3-D2BC-45CC-858E-52C56F65EA93}.Debug|x86.Build.0 = Debug|Win32
		{FAE28CA3-D2BC-45CC-858E-52C56F65EA93}.Release|x64.ActiveCfg = Release|x64
		{FAE28CA3-D2BC-45CC-858E-52C56F65EA93}.Release|x64.Build.0 = Release|x64
		{FAE28CA3-D2BC-45CC-858E-52C56F65EA93}.Release|x86.ActiveCfg = Release|Win32
		{FAE28CA3-D2BC-45CC-858E-52C56F65EA93}.Release|x86.Build.0 = Release|Win32
		{4782440F-985E-451D-8664-656BCAD43A61}.Debug|x64.ActiveCfg = Debug|x64
		{4782440F-985E-451D-8664-656BCAD43A61}.Debug|x64.Build.0 = Debug|x64
		{4782440F-985E-451D-8664-656BCAD43A61}.Debug|x86.ActiveCfg = Debug|Win32
		{4782440F-985E-451D-8664-656BCAD43A61}.Debug|x86.Build.0 = Debug|Win32
		{4782440F-985E-451D-8664-656BCAD43A61}.Release|x64.ActiveCfg = Release|x64
		{4782440F-985E-451D-8664-656BCAD43A61}.Release|x64.Build.0 = Release|x64
		{4782440F-985E-451D-8664-656BCAD43A61}.Release|x86.ActiveCfg = Release|Win32
		{4782440F-985E-451D-8664-656BCAD43A61}.Release|x86.Build.0 = Release|Win32
		{21A60050-ED9F-437F-96AB-FD776BC72140}.Debug|x64.ActiveCfg = Debug|x64
		{21A60050-ED9F-437F-96AB-FD776BC72140}.Debug|x64.Build.0 = Debug|x64
		{21A60050-ED9F-437F-96AB-FD776BC72140}.Debug|x86.ActiveCfg = Debug|Win32
		{21A60050-ED9F-437F-96AB-FD776BC72140}.Debug|x86.Build.0 = Debug|Win32
		{21A60050-ED9F-437F-96AB-FD776BC72140}.Release|x64.ActiveCfg = Release|x64
		{21A60050-ED9F-437F-96AB-FD776BC72140}.Release|x64.Build.0 = Release|x64
		{21A60050-ED9F-437F-96AB-FD776BC72140}.Release|x86.ActiveCfg = Release|Win32
		{21A60050-ED9F-437F-96AB-FD776BC72140}.Release|x86.Build.0 = Release|Win32
		{BD40C751-DDAB-44E3-9C7E-920DD8897108}.Debug|x64.ActiveCfg = Debug|x64
		{BD40C751-DDAB-44E3-9C7E-920DD8897108}.Debug|x64.Build.0 = Debug|x64
		{BD40C751-DDAB-44E3-9C7E-920DD8897108}.Debug|x86.ActiveCfg = Debug|Win32
		{BD40C751-DDAB-44E3-9C7E-920DD8897108}.Debug|x86.Build.0 = Debug|Win32
		{BD40C751-DDAB-44E3-9C7E-920DD8897108}.Release|x64.ActiveCfg = Release|x64
		{BD40C751-DDAB-44E3-9C7E-920DD8897108}.Release|x64.Build.0 = Release|x64
		{BD40C751-DDAB-44E3-9C7E-920DD8897108}.Release|x86.ActiveCfg = Release|Win32
		{BD40C751-DDAB-44E3-9C7E-920DD8897108}.Release|x86.Build.0 = Release|Win32
		{56B1CD08-18B4-4F51-A710-1D4BF8B232F4}.Debug|x64.ActiveCfg = Debug|x64
		{56B1CD08-18B4-4F51-A710-1D4BF8B232F4}.Debug|x64.Build.0 = Debug|x64
		{56B1CD08-18B4-4F51-A710-1D4BF8B232F4}.Debug|x86.ActiveCfg = Debug|Win32
		{56B1CD08-18B4-4F51-A710-1D4BF8B232F4}.Debug|x86.Build.0 = Debug|Win32
		{56B1CD08-18B4-4F51-A710-1D4BF8B232F4}.Release|x64.ActiveCfg = Release|x64
		{56B1CD08-18B4-4F51-A710-1D4BF8B232F4}.Release|x64.Build.0 = Release|x64
		{56B1CD08-18B4-4F51-A710-1D4BF8B232F4}.Release|x86.ActiveCfg = Release|Win32
		{56B1CD08-18B4-4F51-A710-1D4BF8B232F4}.Release|x86.Build.0 = Release|Win32
		{CC771C23-C26F-4644-88A7-93AB457BDDCE}.Debug|x64.ActiveCfg = Debug|x64
		{CC771C23-C26F-4644-88A7-93AB457BDDCE}.Debug|x64.Build.0 = Debug|x64
		{CC771C23-C26F-4644-88A7-93AB457BDDCE}.Debug|x86.ActiveCfg = Debug|Win32
		{CC771C23-C26F-4644-88A7-93AB457BDDCE}.Debug|x86.Build.0 = Debug|Win32
		{CC771C23-C26F-4644-88A7-93AB457BDDCE}.Release|x64.ActiveCfg = Release|x64
		{CC771C23-C26F-4644-88A7-93AB457BDDCE}.Release|x64.Build.0 = Release|x64
		{CC771C23-C26F-4644-88A7-93AB457BDDCE}.Release|x86.ActiveCfg = Release|Win32
		{CC771C23-C26F-4644-88A7-93AB457BDDCE}.Release|x86.Build.0 = Release|Win32
		{8FA00980-C259-46F8-8C1D-A58967C2E19C}.Debug|x64.ActiveCfg = Debug|x64
		{8FA00980-C259-46F8-8C1D-A58967C2E19C}.Debug|x64.Build.0 = Debug|x64
		{8FA00980-C259-46F8-8C1D-A58967C2E19C}.Debug|x86.ActiveCfg = Debug|Win32
		{8FA00980-C259-46F8-8C1D-A58967C2E19C}.Debug|x86.Build.0 = Debug|Win32
		{8FA00980-C259-46F8-8C1D-A58967C2E19C}.Release|x64.ActiveCfg = Release|x64
		{8FA00980-C259-46F8-8C1D-A58967C2E19C}.Release|x64.Build.0 = Release|x64
		{8FA00980-C259-46F8-8C1D-A58967C2E19C}.Release|x86.ActiveCfg = Release|Win32
		{8FA00980-C259-46F8-8C1D-A58967C2E19C}.Release|x86.Build.0 = Release|Win32
		{836C4BB9-AC8E-4C07-804E-2773FD453F1C}.Debug|x64.ActiveCfg = Debug|x64
		{836C4BB9-AC8E-4C07-804E-2773FD453F1C}.Debug|x64.Build.0 = Debug|x64
		{836C4BB9-AC8E-4C07-804E-2773FD453F1C}.Debug|x86.ActiveCfg = Debug|Win32
		{836C4BB9-AC8E-4C07-804E-2773FD453F1C}.Debug|x86.Build.0 = Debug|Win32
		{836C4BB9-AC8E-4C07-804E-2773FD453F1C}.Release|x64.ActiveCfg = Release|x64
		{836C4BB9-AC8E-4C07-804E-2773FD453F1C}.Release|x64.Build.0 = Release|x64
		{836C4BB9-AC8E-4C07-804E-2773FD453F1C}.Release|x86.ActiveCfg = Release|Win32
		{836C4BB9-AC8E-4C07-804E-2773FD453F1C}.Release|x86.Build.0 = Release|Win32
		{AA553DB8-C4CE-42B6-A1C7-B5E4EC0941CF}.Debug|x64.ActiveCfg = Debug|x64
		{AA553DB8-C4CE-42B6-A1C7-B5E4EC0941CF}.Debug|x64.Build.0 = Debug|x64
		{AA553DB8-C4CE-42B6-A1C7-B5E4EC0941CF}.Debug|x86.ActiveCfg = Debug|Win32
		{AA553DB8-C4CE-42B6-A1C7-B5E4EC0941CF}.Debug|x86.Build.0 = Debug|Win32
		{AA553DB8-C4CE-42B6-A1C7-B5E4EC0941CF}.Release|x64.ActiveCfg = Release|x64
		{AA553DB8-C4CE-42B6-A1C7-B5E4EC0941CF}.Release|x64.Build.0 = Release|x64
		{AA553DB8-C4CE-42B6-A1C7-B5E4EC0941CF}.Release|x86.ActiveCfg = Release|Win32
		{AA553DB8-C4CE-42B6-A1C7-B5E4EC0941CF}.Release|x86.Build.0 = Release|Win32
		{CCF218F9-CF4F-42C7-B8D6-36A307E1DE53}.Debug|x64.ActiveCfg = Debug|x64
		{CCF218F9-CF4F-42C7-B8D6-36A307E1DE53}.Debug|x64.Build.0 = Debug|x64
		{CCF218F9-CF4F-42C7-B8D6-36A307E1DE53}.Debug|x86.ActiveCfg = Debug|Win32
		{CCF218F9-CF4F-42C7-B8D6-36A307E1DE53}.Debug|x86.Build.0 = Debug|Win32
		{CCF218F9-CF4F-42C7-B8D6-36A307E1DE53}.Release|x64.ActiveCfg = Release|x64
		{CCF218F9-CF4F-42C7-B8D6-36A307E1DE53}.Release|x64.Build.0 = Release|x64
		{CCF218F9-CF4F-42C7-B8D6-36A307E1DE53}.Release|x86.ActiveCfg = Release|Win32
		{CCF218F9-CF4F-42C7-B8D6-36A307E1DE53}.Release|x86.Build.0 = Release|Win32
		{563B24DD-D353-4CEA-BC43-4DC47A5AD55E}.Debug|x64.ActiveCfg = Debug|x64
		{563B24DD-D353-4CEA-BC43-4DC47A5AD55E}.Debug|x64.Build.0 = Debug|x64
		{563B24DD-D353-4CEA-BC43-4DC47A5AD55E}.Debug|x86.ActiveCfg = Debug|Win32
		{563B24DD-D353-4CEA-BC43-4DC47A5AD55E}.Debug|x86.Build.0 = Debug|Win32
		{563B24DD-D353-4CEA-BC43-4DC47A5AD55E}.Release|x64.ActiveCfg = Release|x64
		{563B24DD-D353-4CEA-BC43-4DC47A5AD55E}.Release|x64.Build.0 = Release|x64
		{563B24DD-D353-4CEA-BC43-4DC47A5AD55E}.Release|x86.ActiveCfg = Release|Win32
		{563B24DD-D353-4CEA-BC43-4DC47A5AD55E}.Release|x86.Build.0 = Release|Win32
		{343344A7-9C57-4546-AFA0-C40537006BF3}.Debug|x64.ActiveCfg = Debug|x64
		{343344A7-9C57-4546-AFA0-C40537006BF3}.Debug|x64.Build.0 = Debug|x64
		{343344A7-9C57-4546-AFA0-C40537006BF3}.Debug|x86.ActiveCfg = Debug|Win32
		{343344A7-9C57-4546-AFA0-C40537006BF3}.Debug|x86.Build.0 = Debug|Win32
		{343344A7-9C57-4546-AFA0-C40537006BF3}.Release|x64.ActiveCfg = Release|x64
		{343344A7-9C57-4546-AFA0-C40537006BF3}.Release|x64.Build.0 = Release|x64
		{343344A7-9C57-4546-AFA0-C40537006BF3}.Release|x86.ActiveCfg = Release|Win32
		{343344A7-9C57-4546-AFA0-C40537006BF3}.Release|x86.Build.0 = Release|Win32
		{F50DA6FA-C4C6-4388-9C11-458318D42862}.Debug|x64.ActiveCfg = Debug|x64
		{F50DA6FA-C4C6-4388-9C11-458318D42862}.Debug|x64.Build.0 = Debug|x64
		{F50DA6FA-C4C6-4388-9C11-458318D42862}.Debug|x86.ActiveCfg = Debug|Win32
		{F50DA6FA-C4C6-4388-9C11-458318D42862}.Debug|x86.Build.0 = Debug|Win32
		{F50DA6FA-C4C6-4388-9C11-458318D42862}.Release|x64.ActiveCfg = Release|x64
		{F50DA6FA-C4C6-4388-9C11-458318D42862}.Release|x64.Build.0 = Release|x64
		{F50DA6FA-C4C6-4388-9C11-458318D42862}.Release|x86.ActiveCfg = Release|Win32
		{F50DA6FA-C4C6-4388-9C11-458318D42862}.Release|x86.Build.0 = Release|Win32
		{19DB353F-84EF-4C64-AD91-DD99C731688A}.Debug|x64.ActiveCfg = Debug|x64
		{19DB353F-84EF-4C64-AD91-DD99C731688A}.Debug|x64.Build.0 = Debug|x64
		{19DB353F-84EF-4C64-AD91-DD99C731688A}.Debug|x86.ActiveCfg = Debug|Win32
		{19DB353F-84EF-4C64-AD91-DD99C731688A}.Debug|x86.Build.0 = Debug|Win32
		{19DB353F-84EF-4C64-AD91-DD99C731688A}.Release|x64.ActiveCfg = Release|x64
		{19DB353F-84EF-4C64-AD91-DD99C731688A}.Release|x64.Build.0 = Release|x64
		{19DB353F-84EF-4C64-AD91-DD99C731688A}.Release|x86.ActiveCfg = Release|Win32
		{19DB353F-84EF-4C64-AD91-DD99C731688A}.Release|x86.Build.0 = Release|Win32
		{56B3C135-F8B7-4CE2-8F91-14899D55BCEB}.Debug|x64.ActiveCfg = Debug|x64
		{56B3C135-F8B7-4CE2-8F91-14899D55BCEB}.Debug|x64.Build.0 = Debug|x64
		{56B3C135-F8B7-4CE2-8F91-14899D55BCEB}.Debug|x86.ActiveCfg = Debug|Win32
		{56B3C135-F8B7-4CE2-8F91-14899D55BCEB}.Debug|x86.Build.0 = Debug|Win32
		{56B3C135-F8B7-4CE2-8F91-14899D55BCEB}.Release|x64.ActiveCfg = Release|x64
		{56B3C135-F8B7-4CE2-8F91-14899D55BCEB}.Release|x64.Build.0 = Release|x64
		{56B3C135-F8B7-4CE2-8F91-14899D55BCEB}.Release|x86.ActiveCfg = Release|Win32
		{56B3C135-F8B7-4CE2-8F91-14899D55BCEB}.Release|x86.Build.0 = Release|Win32
		{40878BB9-D3AB-4FBD-81B4-8B297CDEF95B}.Debug|x64.ActiveCfg = Debug|x64
		{40878BB9-D3AB-4FBD-81B4-8B297CDEF95B}.Debug|x64.Build.0 = Debug|x64
		{40878BB9-D3AB-4FBD-81B4-8B297CDEF95B}.Debug|x86.ActiveCfg = Debug|Win32
		{40878BB9-D3AB-4FBD-81B4-8B297CDEF95B}.Debug|x86.Build.0 = Debug|Win32
		{40878BB9-D3AB-4FBD-81B4-8B297CDEF95B}.Release|x64.ActiveCfg = Release|x64
		{40878BB9-D3AB-4FBD-81B4-8B297CDEF95B}.Release|x64.Build.0 = Release|x64
		{40878BB9-D3AB-4FBD-81B4-8B297CDEF95B}.Release|x86.ActiveCfg = Release|Win32
		{40878BB9-D3AB-4FBD-81B4-8B297CDEF95B}.Release|x86.Build.0 = Release|Win32
		{0572C33E-1EF4-4324-8C41-5335939C71D5}.Debug|x64.ActiveCfg = Debug|x64
		{0572C33E-1EF4-4324-8C41-5335939C71D5}.Debug|x64.Build.0 = Debug|x64
		{0572C33E-1EF4-4324-8C41-5335939C71D5}.Debug|x86.ActiveCfg = Debug|Win32
		{0572C33E-1EF4-4324-8C41-5335939C71D5}.Debug|x86.Build.0 = Debug|Win32
		{0572C33E-1EF4-4324-8C41-5335939C71D5}.Release|x64.ActiveCfg = Release|x64
		{0572C33E-1EF4-4324-8C41-5335939C71D5}.Release|x64.Build.0 = Release|x64
		{0572C33E-1EF4-4324-8C41-5335939C71D5}.Release|x86.ActiveCfg = Release|Win32
		{0572C33E-1EF4-4324-8C41-5335939C71D5}.Release|x86.Build.0 = Release|Win32
		{9622FC4E-984F-42A5-BA24-0E2885304627}.Debug|x64.ActiveCfg = Debug|x64
		{9622FC4E-984F-42A5-BA24-0E2885304627}.Debug|x64.Build.0 = Debug|x64
		{9622FC4E-984F-42A5-BA24-0E2885304627}.Debug|x86.ActiveCfg = Debug|Win32
		{9622FC4E-984F-42A5-BA24-0E2885304627}.Debug|x86.Build.0 = Debug|Win32
		{9622FC4E-984F-42A5-BA24-0E2885304627}.Release|x64.ActiveCfg = Release|x64
		{9622FC4E-984F-42A5-BA24-0E2885304627}.Release|x64.Build.0 = Release|x64
		{9622FC4E-984F-42A5-BA24-0E2885304627}.Release|x86.ActiveCfg = Release|Win32
		{9622FC4E-984F-42A5-BA24-0E2885304627}.Release|x86.Build.0 = Release|Win32
		{D158CF49-8B32-4AD6-9003-18971AB69162}.Debug|x64.ActiveCfg = Debug|x64
		{D158CF49-8B32-4AD6-9003-18971AB69162}.Debug|x64.Build.0 = Debug|x64
		{D158CF49-8B32-4AD6-9003-18971AB69162}.Debug|x86.ActiveCfg = Debug|Win32
		{D158CF49-8B32-4AD6-9003-18971AB69162}.Debug|x86.Build.0 = Debug|Win32
		{D158CF49-8B32-4AD6-9003-18971AB69162}.Release|x64.ActiveCfg = Release|x64
		{D158CF49-8B32-4AD6-9003-18971AB69162}.Release|x64.Build.0 = Release|x64
		{D158CF49-8B32-4AD6-9003-18971AB69162}.Release|x86.ActiveCfg = Release|Win32
		{D158CF49-8B32-4AD6-9003-18971AB69162}.Release|x86.Build.0 = Release|Win32
		{7BA5CDCD-B11E-44CA-A269-FB9BB5D4E344}.Debug|x64.ActiveCfg = Debug|x64
		{7BA5CDCD-B11E-44CA-A269-FB9BB5D4E344}.Debug|x64.Build.0 = Debug|x64
		{7BA5CDCD-B11E-44CA-A269-FB9BB5D4E344}.Debug|x86.ActiveCfg = Debug|Win32
		{7BA5CDCD-B11E-44CA-A269-FB9BB5D4E344}.Debug|x86.Build.0 = Debug|Win32
		{7BA5CDCD-B11E-44CA-A269-FB9BB5D4E344}.Release|x64.ActiveCfg = Release|x64
		{7BA5CDCD-B11E-44CA-A269-FB9BB5D4E344}.Release|x64.Build.0 = Release|x64
		{7BA5CDCD-B11E-44CA-A269-FB9BB5D4E344}.Release|x86.ActiveCfg = Release|Win32
		{7BA5CDCD-B11E-44CA-A269-FB9BB5D4E344}.Release|x86.Build.0 = Release|Win32
		{EE4265BD-9E42-4187-813B-9DC7F9C35D42}.Debug|x64.ActiveCfg = Debug|x64
		{EE4265BD-9E42-4187-813B-9DC7F9C35D42}.Debug|x64.Build.0 = Debug|x64
		{EE4265BD-9E42-4187-813B-9DC7F9C35D42}.Debug|x86.ActiveCfg = Debug|Win32
		{EE4265BD-9E42-4187-813B-9DC7F9C35D42}.Debug|x86.Build.0 = Debug|Win32
		{EE4265BD-9E42-4187-813B-9DC7F9C35D42}.Release|x64.ActiveCfg = Release|x64
		{EE4265BD-9E42-4187-813B-9DC7F9C35D42}.Release|x64.Build.0 = Release|x64
		{EE4265BD-9E42-4187-813B-9DC7F9C35D42}.Release|x86.ActiveCfg = Release|Win32
		{EE4265BD-9E42-4187-813B-9DC7F9C35D42}.Release|x86.Build.0 = Release|Win32
		{DBD02997-CFD6-4416-8F0A-FFC39F798055}.Debug|x64.ActiveCfg = Debug|x64
		{DBD02997-CFD6-4416-8F0A-FFC39F798055}.Debug|x64.Build.0 = Debug|x64
		{DBD02997-CFD6-4416-8F0A-FFC39F798055}.Debug|x86.ActiveCfg = Debug|Win32
		{DBD02997-CFD6-4416-8F0A-FFC39F798055}.Debug|x86.Build.0 = Debug|Win32
		{DBD02997-CFD6-4416-8F0A-FFC39F798055}.Release|x64.ActiveCfg = Release|x64
		{DBD02997-CFD6-4416-8F0A-FFC39F798055}.Release|x64.Build.0 = Release|x64
		{DBD02997-CFD6-4416-8F0A-FFC39F798055}.Release|x86.ActiveCfg = Release|Win32
		{DBD02997-CFD6-4416-8F0A-FFC39F798055}.Release|x86.Build.0 = Release|Win32
		{56B69CE3-9015-41AB-8094-6F1C1BE91C48}.Debug|x64.ActiveCfg = Debug|x64
		{56B69CE3-9015-41AB-8094-6F1C1BE91C48}.Debug|x64.Build.0 = Debug|x64
		{56B69CE3-9015-41AB-8094-6F1C1BE91C48}.Debug|x86.ActiveCfg = Debug|Win32
		{56B69CE3-9015-41AB-8094-6F1C1BE91C48}.Debug|x86.Build.0 = Debug|Win32
		{56B69CE3-9015-41AB-8094-6F1C1BE91C48}.Release|x64.ActiveCfg = Release|x64
		{56B69CE3-9015-41AB-8094-6F1C1BE91C48}.Release|x64.Build.0 = Release|x64
		{56B69CE3-9015-41AB-8094-6F1C1BE91C48}.Release|x86.ActiveCfg = Release|Win32
		{56B69CE3-9015-41AB-8094-6F1C1BE91C48}.Release|x86.Build.0 = Release|Win32
		{C244D8D4-AE6A-4201-9442-908DC6D2ED51}.Debug|x64.ActiveCfg = Debug|x64
		{C244D8D4-AE6A-4201-9442-908DC6D2ED51}.Debug|x64.Build.0 = Debug|x64
		{C244D8D4-AE6A-4201-9442-908DC6D2ED51}.Debug|x86.ActiveCfg = Debug|Win32
		{C244D8D4-AE6A-4201-9442-908DC6D2ED51}.Debug|x86.Build.0 = Debug|Win32
		{C244D8D4-AE6A-4201-9442-908DC6D2ED51}.Release|x64.ActiveCfg = Release|x64
		{C244D8D4-AE6A-4201-9442-908DC6D2ED51}.Release|x64.Build.0 = Release|x64
		{C244D8D4-AE6A-4201-9442-908DC6D2ED51}.Release|x86.ActiveCfg = Release|Win32
		{C244D8D4-AE6A-4201-9442-908DC6D2ED51}.Release|x86.Build.0 = Release|Win32
		{A91ACD36-83C5-44CE-BD98-8D9C3424888D}.Debug|x64.ActiveCfg = Debug|x64
		{A91ACD36-83C5-44CE-BD98-8D9C3424888D}.Debug|x64.Build.0 = Debug|x64
		{A91ACD36-83C5-44CE-BD98-8D9C3424888D}.Debug|x86.ActiveCfg = Debug|Win32
		{A91ACD36-83C5-44CE-BD98-8D9C3424888D}.Debug|x86.Build.0 = Debug|Win32
		{A91ACD36-83C5-44CE-BD98-8D9C3424888D}.Release|x64.ActiveCfg = Release|x64
		{A91ACD36-83C5-44CE-BD98-8D9C3424888D}.Release|x64.Build.0 = Release|x64
		{A91ACD36-83C5-44CE-BD98-8D9C3424888D}.Release|x86.ActiveCfg = Release|Win32
		{A91ACD36-83C5-44CE-BD98-8D9C3424888D}.Release|x86.Build.0 = Release|Win32
		{191F1EDA-BC35-4D27-8090-442213AF23BF}.Debug|x64.ActiveCfg = Debug|x64
		{191F1EDA-BC35-4D27-8090-442213AF23BF}.Debug|x64.Build.0 = Debug|x64
		{191F1EDA-BC35-4D27-8090-442213AF23BF}.Debug|x86.ActiveCfg = Debug|Win32
		{191F1EDA-BC35-4D27-8090-442213AF23BF}.Debug|x86.Build.0 = Debug|Win32
		{191F1EDA-BC35-4D27-8090-442213AF23BF}.Release|x64.ActiveCfg = Release|x64
		{191F1EDA-BC35-4D27-8090-442213AF23BF}.Release|x64.Build.0 = Release|x64
		{191F1EDA-BC35-4D27-8090-442213AF23BF}.Release|x86.ActiveCfg = Release|Win32
		{191F1EDA-BC35-4D27-8090-442213AF23BF}.Release|x86.Build.0 = Release|Win32
		{679FAA56-D3E0-4BA3-B934-CDE28E41E32D}.Debug|x64.ActiveCfg = Debug|x64
		{679FAA56-D3E0-4BA3-B934-CDE28E41E32D}.Debug|x64.Build.0 = Debug|x64
		{679FAA56-D3E0-4BA3-B934-CDE28E41E32D}.Debug|x86.ActiveCfg = Debug|Win32
		{679FAA56-D3E0-4BA3-B934-CDE28E41E32D}.Debug|x86.Build.0 = Debug|Win32
		{679FAA56-D3E0-4BA3-B934-CDE28E41E32D}.Release|x64.ActiveCfg = Release|x64
		{679FAA56-D3E0-4BA3-B934-CDE28E41E32D}.Release|x64.Build.0 = Release|x64
		{679FAA56-D3E0-4BA3-B934-CDE28E41E32D}.Release|x86.ActiveCfg = Release|Win32
		{679FAA56-D3E0-4BA3-B934-CDE28E41E32D}.Release|x86.Build.0 = Release|Win32
		{8CB7FA41-D7AC-40B3-821D-6E4423ABCD88}.Debug|x64.ActiveCfg = Debug|x64
		{8CB7FA41-D7AC-40B3-821D-6E4423ABCD88}.Debug|x64.Build.0 = Debug|x64
		{8CB7FA41-D7AC-40B3-821D-6E4423ABCD88}.Debug|x86.ActiveCfg = Debug|Win32
		{8CB7FA41-D7AC-40B3-821D-6E4423ABCD88}.Debug|x86.Build.0 = Debug|Win32
		{8CB7FA41-D7AC-40B3-821D-6E4423ABCD88}.Release|x64.ActiveCfg = Release|x64
		{8CB7FA41-D7AC-40B3-821D-6E4423ABCD88}.Release|x64.Build.0 = Release|x64
		{8CB7FA41-D7AC-40B3-821D-6E4423ABCD88}.Release|x86.ActiveCfg = Release|Win32
		{8CB7FA41-D7AC-40B3-821D-6E4423ABCD88}.Release|x86.Build.0 = Release|Win32
		{255B6EAA-651D-4964-A21C-306138BC4030}.Debug|x64.ActiveCfg = Debug|x64
		{255B6EAA-651D-4964-A21C-306138BC4030}.Debug|x64.Build.0 = Debug|x64
		{255B6EAA-651D-4964-A21C-306138BC4030}.Debug|x86.ActiveCfg = Debug|Win32
		{255B6EAA-651D-4964-A21C-306138BC4030}.Debug|x86.Build.0 = Debug|Win32
		{255B6EAA-651D-4964-A21C-306138BC4030}.Release|x64.ActiveCfg = Release|x64
		{255B6EAA-651D-4964-A21C-306138BC4030}.Release|x64.Build.0 = Release|x64
		{255B6EAA-651D-4964-A21C-306138BC4030}.Release|x86.ActiveCfg = Release|Win32
		{255B6EAA-651D-4964-A21C-306138BC4030}.Release|x86.Build.0 = Release|Win32
		{E6F3C2F8-329E-4668-A555-571C1458EC5B}.Debug|x64.ActiveCfg = Debug|x64
		{E6F3C2F8-329E-4668-A555-571C1458EC5B}.Debug|x64.Build.0 = Debug|x64
		{E6F3C2F8-329E-4668-A555-571C1458EC5B}.Debug|x86.ActiveCfg = Debug|Win32
		{E6F3C2F8-329E-4668-A555-571C1458EC5B}.Debug|x86.Build.0 = Debug|Win32
		{E6F3C2F8-329E-4668-A555-571C1458EC5B}.Release|x64.ActiveCfg = Release|x64
		{E6F3C2F8-329E-4668-A555-571C1458EC5B}.Release|x64.Build.0 = Release|x64
		{E6F3C2F8-329E-4668-A555-571C1458EC5B}.Release|x86.ActiveCfg = Release|Win32
		{E6F3C2F8-329E-4668-A555-571C1458EC5B}.Release|x86.Build.0 = Release|Win32
	EndGlobalSection
	GlobalSection(SolutionProperties) = preSolution
		HideSolutionNode = FALSE
	EndGlobalSection
	GlobalSection(NestedProjects) = preSolution
		{A628C67C-7642-458A-8334-08471D408D5A} = {E2E20A0B-3FE4-4B0A-B551-BC8C666EA02D}
		{95818E8E-373D-41A7-A2D5-B231E29C1CC9} = {C0915505-DA78-4754-9A57-E1BA5BBCEC74}
		{1988DC68-B31B-44C2-BDE8-C4000D9A3140} = {E2E20A0B-3FE4-4B0A-B551-BC8C666EA02D}
		{FAE28CA3-D2BC-45CC-858E-52C56F65EA93} = {C0915505-DA78-4754-9A57-E1BA5BBCEC74}
		{4782440F-985E-451D-8664-656BCAD43A61} = {C0915505-DA78-4754-9A57-E1BA5BBCEC74}
		{21A60050-ED9F-437F-96AB-FD776BC72140} = {D639DF7B-5999-4B4C-A59C-C382F4C8C363}
		{BD40C751-DDAB-44E3-9C7E-920DD8897108} = {5E5B4E9C-3CD1-46A1-9DD4-10F6B470A42B}
		{56B1CD08-18B4-4F51-A710-1D4BF8B232F4} = {5E5B4E9C-3CD1-46A1-9DD4-10F6B470A42B}
		{CC771C23-C26F-4644-88A7-93AB457BDDCE} = {5E5B4E9C-3CD1-46A1-9DD4-10F6B470A42B}
		{8FA00980-C259-46F8-8C1D-A58967C2E19C} = {5E5B4E9C-3CD1-46A1-9DD4-10F6B470A42B}
		{836C4BB9-AC8E-4C07-804E-2773FD453F1C} = {5E5B4E9C-3CD1-46A1-9DD4-10F6B470A42B}
		{AA553DB8-C4CE-42B6-A1C7-B5E4EC0941CF} = {5E5B4E9C-3CD1-46A1-9DD4-10F6B470A42B}
		{CCF218F9-CF4F-42C7-B8D6-36A307E1DE53} = {5E5B4E9C-3CD1-46A1-9DD4-10F6B470A42B}
		{563B24DD-D353-4CEA-BC43-4DC47A5AD55E} = {5E5B4E9C-3CD1-46A1-9DD4-10F6B470A42B}
		{343344A7-9C57-4546-AFA0-C40537006BF3} = {5E5B4E9C-3CD1-46A1-9DD4-10F6B470A42B}
		{F50DA6FA-C4C6-4388-9C11-458318D42862} = {5E5B4E9C-3CD1-46A1-9DD4-10F6B470A42B}
		{19DB353F-84EF-4C64-AD91-DD99C731688A} = {5E5B4E9C-3CD1-46A1-9DD4-10F6B470A42B}
		{56B3C135-F8B7-4CE2-8F91-14899D55BCEB} = {5E5B4E9C-3CD1-46A1-9DD4-10F6B470A42B}
		{9622FC4E-984F-42A5-BA24-0E2885304627} = {ED4C5771-6F44-4AC3-AB68-53AC00462EC3}
		{D158CF49-8B32-4AD6-9003-18971AB69162} = {5E5B4E9C-3CD1-46A1-9DD4-10F6B470A42B}
		{EE4265BD-9E42-4187-813B-9DC7F9C35D42} = {5E5B4E9C-3CD1-46A1-9DD4-10F6B470A42B}
		{DBD02997-CFD6-4416-8F0A-FFC39F798055} = {5E5B4E9C-3CD1-46A1-9DD4-10F6B470A42B}
		{C244D8D4-AE6A-4201-9442-908DC6D2ED51} = {ED4C5771-6F44-4AC3-AB68-53AC00462EC3}
		{ED4C5771-6F44-4AC3-AB68-53AC00462EC3} = {5E5B4E9C-3CD1-46A1-9DD4-10F6B470A42B}
	EndGlobalSection
	GlobalSection(ExtensibilityGlobals) = postSolution
		SolutionGuid = {B1AC8550-FEA3-422C-A987-F032458F03DD}
	EndGlobalSection
EndGlobal
