<?xml version="1.0" encoding="utf-8"?>
<Project ToolsVersion="4.0" xmlns="http://schemas.microsoft.com/developer/msbuild/2003">
  <ItemGroup>
    <Filter Include="Source Files">
      <UniqueIdentifier>{4FC737F1-C7A5-4376-A066-2A32D752A2FF}</UniqueIdentifier>
      <Extensions>cpp;c;cc;cxx;def;odl;idl;hpj;bat;asm;asmx</Extensions>
    </Filter>
    <Filter Include="Resource Files">
      <UniqueIdentifier>{67DA6AB6-F800-4c08-8B7A-83BB121AAD01}</UniqueIdentifier>
      <Extensions>rc;ico;cur;bmp;dlg;rc2;rct;bin;rgs;gif;jpg;jpeg;jpe;resx;tiff;tif;png;wav;mfcribbon-ms</Extensions>
    </Filter>
    <Filter Include="Source Files\charset detect">
      <UniqueIdentifier>{a84cf87d-b62f-43d8-be3e-6e1388b0af34}</UniqueIdentifier>
    </Filter>
    <Filter Include="Source Files\collation">
      <UniqueIdentifier>{800d0a7c-2abe-4089-a3bb-4c711a1cb2c6}</UniqueIdentifier>
    </Filter>
    <Filter Include="Source Files\formatting">
      <UniqueIdentifier>{f4d9df64-ce38-4788-a1b4-89f5a28a7fc3}</UniqueIdentifier>
    </Filter>
    <Filter Include="Source Files\misc">
      <UniqueIdentifier>{7e141434-881c-49cf-aa8f-ff20f33b085c}</UniqueIdentifier>
    </Filter>
    <Filter Include="Source Files\regex">
      <UniqueIdentifier>{2161139f-3a54-4dda-adc4-4de1cb96ee43}</UniqueIdentifier>
    </Filter>
    <Filter Include="Source Files\spoof">
      <UniqueIdentifier>{483c6caf-08ad-4af4-bb13-4b070c7c908f}</UniqueIdentifier>
    </Filter>
    <Filter Include="Source Files\transforms">
      <UniqueIdentifier>{10308fab-d0bb-4109-bf3c-2c46475c402f}</UniqueIdentifier>
    </Filter>
  </ItemGroup>
  <ItemGroup>
    <ClCompile Include="..\..\..\i18n\csdetect.cpp">
      <Filter>Source Files\charset detect</Filter>
    </ClCompile>
    <ClCompile Include="..\..\..\i18n\csmatch.cpp">
      <Filter>Source Files\charset detect</Filter>
    </ClCompile>
    <ClCompile Include="..\..\..\i18n\csr2022.cpp">
      <Filter>Source Files\charset detect</Filter>
    </ClCompile>
    <ClCompile Include="..\..\..\i18n\csrecog.cpp">
      <Filter>Source Files\charset detect</Filter>
    </ClCompile>
    <ClCompile Include="..\..\..\i18n\csrmbcs.cpp">
      <Filter>Source Files\charset detect</Filter>
    </ClCompile>
    <ClCompile Include="..\..\..\i18n\csrsbcs.cpp">
      <Filter>Source Files\charset detect</Filter>
    </ClCompile>
    <ClCompile Include="..\..\..\i18n\csrucode.cpp">
      <Filter>Source Files\charset detect</Filter>
    </ClCompile>
    <ClCompile Include="..\..\..\i18n\csrutf8.cpp">
      <Filter>Source Files\charset detect</Filter>
    </ClCompile>
    <ClCompile Include="..\..\..\i18n\inputext.cpp">
      <Filter>Source Files\charset detect</Filter>
    </ClCompile>
    <ClCompile Include="..\..\..\i18n\ucsdet.cpp">
      <Filter>Source Files\charset detect</Filter>
    </ClCompile>
    <ClCompile Include="..\..\..\i18n\alphaindex.cpp">
      <Filter>Source Files\collation</Filter>
    </ClCompile>
    <ClCompile Include="..\..\..\i18n\bocsu.cpp">
      <Filter>Source Files\collation</Filter>
    </ClCompile>
    <ClCompile Include="..\..\..\i18n\coleitr.cpp">
      <Filter>Source Files\collation</Filter>
    </ClCompile>
    <ClCompile Include="..\..\..\i18n\coll.cpp">
      <Filter>Source Files\collation</Filter>
    </ClCompile>
    <ClCompile Include="..\..\..\i18n\collation.cpp">
      <Filter>Source Files\collation</Filter>
    </ClCompile>
    <ClCompile Include="..\..\..\i18n\collationbuilder.cpp">
      <Filter>Source Files\collation</Filter>
    </ClCompile>
    <ClCompile Include="..\..\..\i18n\collationcompare.cpp">
      <Filter>Source Files\collation</Filter>
    </ClCompile>
    <ClCompile Include="..\..\..\i18n\collationdata.cpp">
      <Filter>Source Files\collation</Filter>
    </ClCompile>
    <ClCompile Include="..\..\..\i18n\collationdatabuilder.cpp">
      <Filter>Source Files\collation</Filter>
    </ClCompile>
    <ClCompile Include="..\..\..\i18n\collationdatareader.cpp">
      <Filter>Source Files\collation</Filter>
    </ClCompile>
    <ClCompile Include="..\..\..\i18n\collationdatawriter.cpp">
      <Filter>Source Files\collation</Filter>
    </ClCompile>
    <ClCompile Include="..\..\..\i18n\collationfastlatin.cpp">
      <Filter>Source Files\collation</Filter>
    </ClCompile>
    <ClCompile Include="..\..\..\i18n\collationfastlatinbuilder.cpp">
      <Filter>Source Files\collation</Filter>
    </ClCompile>
    <ClCompile Include="..\..\..\i18n\collationfcd.cpp">
      <Filter>Source Files\collation</Filter>
    </ClCompile>
    <ClCompile Include="..\..\..\i18n\collationiterator.cpp">
      <Filter>Source Files\collation</Filter>
    </ClCompile>
    <ClCompile Include="..\..\..\i18n\collationkeys.cpp">
      <Filter>Source Files\collation</Filter>
    </ClCompile>
    <ClCompile Include="..\..\..\i18n\collationroot.cpp">
      <Filter>Source Files\collation</Filter>
    </ClCompile>
    <ClCompile Include="..\..\..\i18n\collationrootelements.cpp">
      <Filter>Source Files\collation</Filter>
    </ClCompile>
    <ClCompile Include="..\..\..\i18n\collationruleparser.cpp">
      <Filter>Source Files\collation</Filter>
    </ClCompile>
    <ClCompile Include="..\..\..\i18n\collationsets.cpp">
      <Filter>Source Files\collation</Filter>
    </ClCompile>
    <ClCompile Include="..\..\..\i18n\collationsettings.cpp">
      <Filter>Source Files\collation</Filter>
    </ClCompile>
    <ClCompile Include="..\..\..\i18n\collationtailoring.cpp">
      <Filter>Source Files\collation</Filter>
    </ClCompile>
    <ClCompile Include="..\..\..\i18n\collationweights.cpp">
      <Filter>Source Files\collation</Filter>
    </ClCompile>
    <ClCompile Include="..\..\..\i18n\rulebasedcollator.cpp">
      <Filter>Source Files\collation</Filter>
    </ClCompile>
    <ClCompile Include="..\..\..\i18n\search.cpp">
      <Filter>Source Files\collation</Filter>
    </ClCompile>
    <ClCompile Include="..\..\..\i18n\sortkey.cpp">
      <Filter>Source Files\collation</Filter>
    </ClCompile>
    <ClCompile Include="..\..\..\i18n\stsearch.cpp">
      <Filter>Source Files\collation</Filter>
    </ClCompile>
    <ClCompile Include="..\..\..\i18n\ucol.cpp">
      <Filter>Source Files\collation</Filter>
    </ClCompile>
    <ClCompile Include="..\..\..\i18n\ucol_res.cpp">
      <Filter>Source Files\collation</Filter>
    </ClCompile>
    <ClCompile Include="..\..\..\i18n\ucol_sit.cpp">
      <Filter>Source Files\collation</Filter>
    </ClCompile>
    <ClCompile Include="..\..\..\i18n\ucoleitr.cpp">
      <Filter>Source Files\collation</Filter>
    </ClCompile>
    <ClCompile Include="..\..\..\i18n\uitercollationiterator.cpp">
      <Filter>Source Files\collation</Filter>
    </ClCompile>
    <ClCompile Include="..\..\..\i18n\usearch.cpp">
      <Filter>Source Files\collation</Filter>
    </ClCompile>
    <ClCompile Include="..\..\..\i18n\utf8collationiterator.cpp">
      <Filter>Source Files\collation</Filter>
    </ClCompile>
    <ClCompile Include="..\..\..\i18n\utf16collationiterator.cpp">
      <Filter>Source Files\collation</Filter>
    </ClCompile>
    <ClCompile Include="..\..\..\i18n\astro.cpp">
      <Filter>Source Files\formatting</Filter>
    </ClCompile>
    <ClCompile Include="..\..\..\i18n\basictz.cpp">
      <Filter>Source Files\formatting</Filter>
    </ClCompile>
    <ClCompile Include="..\..\..\i18n\buddhcal.cpp">
      <Filter>Source Files\formatting</Filter>
    </ClCompile>
    <ClCompile Include="..\..\..\i18n\calendar.cpp">
      <Filter>Source Files\formatting</Filter>
    </ClCompile>
    <ClCompile Include="..\..\..\i18n\cecal.cpp">
      <Filter>Source Files\formatting</Filter>
    </ClCompile>
    <ClCompile Include="..\..\..\i18n\chnsecal.cpp">
      <Filter>Source Files\formatting</Filter>
    </ClCompile>
    <ClCompile Include="..\..\..\i18n\choicfmt.cpp">
      <Filter>Source Files\formatting</Filter>
    </ClCompile>
    <ClCompile Include="..\..\..\i18n\compactdecimalformat.cpp">
      <Filter>Source Files\formatting</Filter>
    </ClCompile>
    <ClCompile Include="..\..\..\i18n\coptccal.cpp">
      <Filter>Source Files\formatting</Filter>
    </ClCompile>
    <ClCompile Include="..\..\..\i18n\curramt.cpp">
      <Filter>Source Files\formatting</Filter>
    </ClCompile>
    <ClCompile Include="..\..\..\i18n\currfmt.cpp">
      <Filter>Source Files\formatting</Filter>
    </ClCompile>
    <ClCompile Include="..\..\..\i18n\currpinf.cpp">
      <Filter>Source Files\formatting</Filter>
    </ClCompile>
    <ClCompile Include="..\..\..\i18n\currunit.cpp">
      <Filter>Source Files\formatting</Filter>
    </ClCompile>
    <ClCompile Include="..\..\..\i18n\dangical.cpp">
      <Filter>Source Files\formatting</Filter>
    </ClCompile>
    <ClCompile Include="..\..\..\i18n\datefmt.cpp">
      <Filter>Source Files\formatting</Filter>
    </ClCompile>
    <ClCompile Include="..\..\..\i18n\dayperiodrules.cpp">
      <Filter>Source Files\formatting</Filter>
    </ClCompile>
    <ClCompile Include="..\..\..\i18n\dcfmtsym.cpp">
      <Filter>Source Files\formatting</Filter>
    </ClCompile>
    <ClCompile Include="..\..\..\i18n\decContext.cpp">
      <Filter>Source Files\formatting</Filter>
    </ClCompile>
    <ClCompile Include="..\..\..\i18n\decimfmt.cpp">
      <Filter>Source Files\formatting</Filter>
    </ClCompile>
    <ClCompile Include="..\..\..\i18n\decNumber.cpp">
      <Filter>Source Files\formatting</Filter>
    </ClCompile>
    <ClCompile Include="..\..\..\i18n\double-conversion.cpp">
      <Filter>Source Files\formatting</Filter>
    </ClCompile>
    <ClCompile Include="..\..\..\i18n\double-conversion-bignum.cpp">
      <Filter>Source Files\formatting</Filter>
    </ClCompile>
    <ClCompile Include="..\..\..\i18n\double-conversion-bignum-dtoa.cpp">
      <Filter>Source Files\formatting</Filter>
    </ClCompile>
    <ClCompile Include="..\..\..\i18n\double-conversion-cached-powers.cpp">
      <Filter>Source Files\formatting</Filter>
    </ClCompile>
    <ClCompile Include="..\..\..\i18n\double-conversion-diy-fp.cpp">
      <Filter>Source Files\formatting</Filter>
    </ClCompile>
    <ClCompile Include="..\..\..\i18n\double-conversion-fast-dtoa.cpp">
      <Filter>Source Files\formatting</Filter>
    </ClCompile>
    <ClCompile Include="..\..\..\i18n\double-conversion-strtod.cpp">
      <Filter>Source Files\formatting</Filter>
    </ClCompile>
    <ClCompile Include="..\..\..\i18n\dtfmtsym.cpp">
      <Filter>Source Files\formatting</Filter>
    </ClCompile>
    <ClCompile Include="..\..\..\i18n\dtitvfmt.cpp">
      <Filter>Source Files\formatting</Filter>
    </ClCompile>
    <ClCompile Include="..\..\..\i18n\dtitvinf.cpp">
      <Filter>Source Files\formatting</Filter>
    </ClCompile>
    <ClCompile Include="..\..\..\i18n\dtptngen.cpp">
      <Filter>Source Files\formatting</Filter>
    </ClCompile>
    <ClCompile Include="..\..\..\i18n\dtrule.cpp">
      <Filter>Source Files\formatting</Filter>
    </ClCompile>
    <ClCompile Include="..\..\..\i18n\erarules.cpp">
      <Filter>Source Files\formatting</Filter>
    </ClCompile>
    <ClCompile Include="..\..\..\i18n\ethpccal.cpp">
      <Filter>Source Files\formatting</Filter>
    </ClCompile>
    <ClCompile Include="..\..\..\i18n\fmtable.cpp">
      <Filter>Source Files\formatting</Filter>
    </ClCompile>
    <ClCompile Include="..\..\..\i18n\fmtable_cnv.cpp">
      <Filter>Source Files\formatting</Filter>
    </ClCompile>
    <ClCompile Include="..\..\..\i18n\format.cpp">
      <Filter>Source Files\formatting</Filter>
    </ClCompile>
    <ClCompile Include="..\..\..\i18n\fphdlimp.cpp">
      <Filter>Source Files\formatting</Filter>
    </ClCompile>
    <ClCompile Include="..\..\..\i18n\fpositer.cpp">
      <Filter>Source Files\formatting</Filter>
    </ClCompile>
    <ClCompile Include="..\..\..\i18n\gender.cpp">
      <Filter>Source Files\formatting</Filter>
    </ClCompile>
    <ClCompile Include="..\..\..\i18n\gregocal.cpp">
      <Filter>Source Files\formatting</Filter>
    </ClCompile>
    <ClCompile Include="..\..\..\i18n\gregoimp.cpp">
      <Filter>Source Files\formatting</Filter>
    </ClCompile>
    <ClCompile Include="..\..\..\i18n\hebrwcal.cpp">
      <Filter>Source Files\formatting</Filter>
    </ClCompile>
    <ClCompile Include="..\..\..\i18n\indiancal.cpp">
      <Filter>Source Files\formatting</Filter>
    </ClCompile>
    <ClCompile Include="..\..\..\i18n\islamcal.cpp">
      <Filter>Source Files\formatting</Filter>
    </ClCompile>
    <ClCompile Include="..\..\..\i18n\japancal.cpp">
      <Filter>Source Files\formatting</Filter>
    </ClCompile>
    <ClCompile Include="..\..\..\i18n\listformatter.cpp">
      <Filter>Source Files\formatting</Filter>
    </ClCompile>
    <ClCompile Include="..\..\..\i18n\measfmt.cpp">
      <Filter>Source Files\formatting</Filter>
    </ClCompile>
    <ClCompile Include="..\..\..\i18n\measunit.cpp">
      <Filter>Source Files\formatting</Filter>
    </ClCompile>
    <ClCompile Include="..\..\..\i18n\measure.cpp">
      <Filter>Source Files\formatting</Filter>
    </ClCompile>
    <ClCompile Include="..\..\..\i18n\msgfmt.cpp">
      <Filter>Source Files\formatting</Filter>
    </ClCompile>
    <ClCompile Include="..\..\..\i18n\nfrs.cpp">
      <Filter>Source Files\formatting</Filter>
    </ClCompile>
    <ClCompile Include="..\..\..\i18n\nfrule.cpp">
      <Filter>Source Files\formatting</Filter>
    </ClCompile>
    <ClCompile Include="..\..\..\i18n\nfsubs.cpp">
      <Filter>Source Files\formatting</Filter>
    </ClCompile>
    <ClCompile Include="..\..\..\i18n\number_affixutils.cpp">
      <Filter>Source Files\formatting</Filter>
    </ClCompile>
    <ClCompile Include="..\..\..\i18n\number_asformat.cpp">
      <Filter>Source Files\formatting</Filter>
    </ClCompile>
    <ClCompile Include="..\..\..\i18n\number_capi.cpp">
      <Filter>Source Files\formatting</Filter>
    </ClCompile>
    <ClCompile Include="..\..\..\i18n\number_compact.cpp">
      <Filter>Source Files\formatting</Filter>
    </ClCompile>
    <ClCompile Include="..\..\..\i18n\number_currencysymbols.cpp">
      <Filter>Source Files\formatting</Filter>
    </ClCompile>
    <ClCompile Include="..\..\..\i18n\number_decimalquantity.cpp">
      <Filter>Source Files\formatting</Filter>
    </ClCompile>
    <ClCompile Include="..\..\..\i18n\number_decimfmtprops.cpp">
      <Filter>Source Files\formatting</Filter>
    </ClCompile>
    <ClCompile Include="..\..\..\i18n\number_fluent.cpp">
      <Filter>Source Files\formatting</Filter>
    </ClCompile>
    <ClCompile Include="..\..\..\i18n\number_formatimpl.cpp">
      <Filter>Source Files\formatting</Filter>
    </ClCompile>
    <ClCompile Include="..\..\..\i18n\number_grouping.cpp">
      <Filter>Source Files\formatting</Filter>
    </ClCompile>
    <ClCompile Include="..\..\..\i18n\number_integerwidth.cpp">
      <Filter>Source Files\formatting</Filter>
    </ClCompile>
    <ClCompile Include="..\..\..\i18n\number_longnames.cpp">
      <Filter>Source Files\formatting</Filter>
    </ClCompile>
    <ClCompile Include="..\..\..\i18n\number_mapper.cpp">
      <Filter>Source Files\formatting</Filter>
    </ClCompile>
    <ClCompile Include="..\..\..\i18n\number_modifiers.cpp">
      <Filter>Source Files\formatting</Filter>
    </ClCompile>
    <ClCompile Include="..\..\..\i18n\number_multiplier.cpp">
      <Filter>Source Files\formatting</Filter>
    </ClCompile>
    <ClCompile Include="..\..\..\i18n\number_notation.cpp">
      <Filter>Source Files\formatting</Filter>
    </ClCompile>
    <ClCompile Include="..\..\..\i18n\number_padding.cpp">
      <Filter>Source Files\formatting</Filter>
    </ClCompile>
    <ClCompile Include="..\..\..\i18n\number_patternmodifier.cpp">
      <Filter>Source Files\formatting</Filter>
    </ClCompile>
    <ClCompile Include="..\..\..\i18n\number_patternstring.cpp">
      <Filter>Source Files\formatting</Filter>
    </ClCompile>
    <ClCompile Include="..\..\..\i18n\number_rounding.cpp">
      <Filter>Source Files\formatting</Filter>
    </ClCompile>
    <ClCompile Include="..\..\..\i18n\number_scientific.cpp">
      <Filter>Source Files\formatting</Filter>
    </ClCompile>
    <ClCompile Include="..\..\..\i18n\number_skeletons.cpp">
      <Filter>Source Files\formatting</Filter>
    </ClCompile>
    <ClCompile Include="..\..\..\i18n\number_stringbuilder.cpp">
      <Filter>Source Files\formatting</Filter>
    </ClCompile>
    <ClCompile Include="..\..\..\i18n\number_utils.cpp">
      <Filter>Source Files\formatting</Filter>
    </ClCompile>
    <ClCompile Include="..\..\..\i18n\numfmt.cpp">
      <Filter>Source Files\formatting</Filter>
    </ClCompile>
    <ClCompile Include="..\..\..\i18n\numparse_affixes.cpp">
      <Filter>Source Files\formatting</Filter>
    </ClCompile>
    <ClCompile Include="..\..\..\i18n\numparse_compositions.cpp">
      <Filter>Source Files\formatting</Filter>
    </ClCompile>
    <ClCompile Include="..\..\..\i18n\numparse_currency.cpp">
      <Filter>Source Files\formatting</Filter>
    </ClCompile>
    <ClCompile Include="..\..\..\i18n\numparse_decimal.cpp">
      <Filter>Source Files\formatting</Filter>
    </ClCompile>
    <ClCompile Include="..\..\..\i18n\numparse_impl.cpp">
      <Filter>Source Files\formatting</Filter>
    </ClCompile>
    <ClCompile Include="..\..\..\i18n\numparse_parsednumber.cpp">
      <Filter>Source Files\formatting</Filter>
    </ClCompile>
    <ClCompile Include="..\..\..\i18n\numparse_scientific.cpp">
      <Filter>Source Files\formatting</Filter>
    </ClCompile>
    <ClCompile Include="..\..\..\i18n\numparse_stringsegment.cpp">
      <Filter>Source Files\formatting</Filter>
    </ClCompile>
    <ClCompile Include="..\..\..\i18n\numparse_symbols.cpp">
      <Filter>Source Files\formatting</Filter>
    </ClCompile>
    <ClCompile Include="..\..\..\i18n\numparse_validators.cpp">
      <Filter>Source Files\formatting</Filter>
    </ClCompile>
    <ClCompile Include="..\..\..\i18n\numrange_fluent.cpp">
      <Filter>Source Files\formatting</Filter>
    </ClCompile>
    <ClCompile Include="..\..\..\i18n\numrange_impl.cpp">
      <Filter>Source Files\formatting</Filter>
    </ClCompile>
    <ClCompile Include="..\..\..\i18n\numsys.cpp">
      <Filter>Source Files\formatting</Filter>
    </ClCompile>
    <ClCompile Include="..\..\..\i18n\olsontz.cpp">
      <Filter>Source Files\formatting</Filter>
    </ClCompile>
    <ClCompile Include="..\..\..\i18n\persncal.cpp">
      <Filter>Source Files\formatting</Filter>
    </ClCompile>
    <ClCompile Include="..\..\..\i18n\plurfmt.cpp">
      <Filter>Source Files\formatting</Filter>
    </ClCompile>
    <ClCompile Include="..\..\..\i18n\plurrule.cpp">
      <Filter>Source Files\formatting</Filter>
    </ClCompile>
    <ClCompile Include="..\..\..\i18n\quantityformatter.cpp">
      <Filter>Source Files\formatting</Filter>
    </ClCompile>
    <ClCompile Include="..\..\..\i18n\rbnf.cpp">
      <Filter>Source Files\formatting</Filter>
    </ClCompile>
    <ClCompile Include="..\..\..\i18n\rbtz.cpp">
      <Filter>Source Files\formatting</Filter>
    </ClCompile>
    <ClCompile Include="..\..\..\i18n\region.cpp">
      <Filter>Source Files\formatting</Filter>
    </ClCompile>
    <ClCompile Include="..\..\..\i18n\reldatefmt.cpp">
      <Filter>Source Files\formatting</Filter>
    </ClCompile>
    <ClCompile Include="..\..\..\i18n\reldtfmt.cpp">
      <Filter>Source Files\formatting</Filter>
    </ClCompile>
    <ClCompile Include="..\..\..\i18n\scientificnumberformatter.cpp">
      <Filter>Source Files\formatting</Filter>
    </ClCompile>
    <ClCompile Include="..\..\..\i18n\selfmt.cpp">
      <Filter>Source Files\formatting</Filter>
    </ClCompile>
    <ClCompile Include="..\..\..\i18n\sharedbreakiterator.cpp">
      <Filter>Source Files\formatting</Filter>
    </ClCompile>
    <ClCompile Include="..\..\..\i18n\simpletz.cpp">
      <Filter>Source Files\formatting</Filter>
    </ClCompile>
    <ClCompile Include="..\..\..\i18n\smpdtfmt.cpp">
      <Filter>Source Files\formatting</Filter>
    </ClCompile>
    <ClCompile Include="..\..\..\i18n\smpdtfst.cpp">
      <Filter>Source Files\formatting</Filter>
    </ClCompile>
    <ClCompile Include="..\..\..\i18n\standardplural.cpp">
      <Filter>Source Files\formatting</Filter>
    </ClCompile>
    <ClCompile Include="..\..\..\i18n\taiwncal.cpp">
      <Filter>Source Files\formatting</Filter>
    </ClCompile>
    <ClCompile Include="..\..\..\i18n\timezone.cpp">
      <Filter>Source Files\formatting</Filter>
    </ClCompile>
    <ClCompile Include="..\..\..\i18n\tmunit.cpp">
      <Filter>Source Files\formatting</Filter>
    </ClCompile>
    <ClCompile Include="..\..\..\i18n\tmutamt.cpp">
      <Filter>Source Files\formatting</Filter>
    </ClCompile>
    <ClCompile Include="..\..\..\i18n\tmutfmt.cpp">
      <Filter>Source Files\formatting</Filter>
    </ClCompile>
    <ClCompile Include="..\..\..\i18n\tzfmt.cpp">
      <Filter>Source Files\formatting</Filter>
    </ClCompile>
    <ClCompile Include="..\..\..\i18n\tzgnames.cpp">
      <Filter>Source Files\formatting</Filter>
    </ClCompile>
    <ClCompile Include="..\..\..\i18n\tznames.cpp">
      <Filter>Source Files\formatting</Filter>
    </ClCompile>
    <ClCompile Include="..\..\..\i18n\tznames_impl.cpp">
      <Filter>Source Files\formatting</Filter>
    </ClCompile>
    <ClCompile Include="..\..\..\i18n\tzrule.cpp">
      <Filter>Source Files\formatting</Filter>
    </ClCompile>
    <ClCompile Include="..\..\..\i18n\tztrans.cpp">
      <Filter>Source Files\formatting</Filter>
    </ClCompile>
    <ClCompile Include="..\..\..\i18n\ucal.cpp">
      <Filter>Source Files\formatting</Filter>
    </ClCompile>
    <ClCompile Include="..\..\..\i18n\udat.cpp">
      <Filter>Source Files\formatting</Filter>
    </ClCompile>
    <ClCompile Include="..\..\..\i18n\udateintervalformat.cpp">
      <Filter>Source Files\formatting</Filter>
    </ClCompile>
    <ClCompile Include="..\..\..\i18n\udatpg.cpp">
      <Filter>Source Files\formatting</Filter>
    </ClCompile>
    <ClCompile Include="..\..\..\i18n\ufieldpositer.cpp">
      <Filter>Source Files\formatting</Filter>
    </ClCompile>
    <ClCompile Include="..\..\..\i18n\ulistformatter.cpp">
      <Filter>Source Files\formatting</Filter>
    </ClCompile>
    <ClCompile Include="..\..\..\i18n\ulocdata.cpp">
      <Filter>Source Files\formatting</Filter>
    </ClCompile>
    <ClCompile Include="..\..\..\i18n\umsg.cpp">
      <Filter>Source Files\formatting</Filter>
    </ClCompile>
    <ClCompile Include="..\..\..\i18n\unum.cpp">
      <Filter>Source Files\formatting</Filter>
    </ClCompile>
    <ClCompile Include="..\..\..\i18n\unumsys.cpp">
      <Filter>Source Files\formatting</Filter>
    </ClCompile>
    <ClCompile Include="..\..\..\i18n\upluralrules.cpp">
      <Filter>Source Files\formatting</Filter>
    </ClCompile>
    <ClCompile Include="..\..\..\i18n\uregion.cpp">
      <Filter>Source Files\formatting</Filter>
    </ClCompile>
    <ClCompile Include="..\..\..\i18n\utmscale.cpp">
      <Filter>Source Files\formatting</Filter>
    </ClCompile>
    <ClCompile Include="..\..\..\i18n\vtzone.cpp">
      <Filter>Source Files\formatting</Filter>
    </ClCompile>
    <ClCompile Include="..\..\..\i18n\vzone.cpp">
      <Filter>Source Files\formatting</Filter>
    </ClCompile>
    <ClCompile Include="..\..\..\i18n\windtfmt.cpp">
      <Filter>Source Files\formatting</Filter>
    </ClCompile>
    <ClCompile Include="..\..\..\i18n\winnmfmt.cpp">
      <Filter>Source Files\formatting</Filter>
    </ClCompile>
    <ClCompile Include="..\..\..\i18n\wintzimpl.cpp">
      <Filter>Source Files\formatting</Filter>
    </ClCompile>
    <ClCompile Include="..\..\..\i18n\zonemeta.cpp">
      <Filter>Source Files\formatting</Filter>
    </ClCompile>
    <ClCompile Include="..\..\..\i18n\zrule.cpp">
      <Filter>Source Files\formatting</Filter>
    </ClCompile>
    <ClCompile Include="..\..\..\i18n\ztrans.cpp">
      <Filter>Source Files\formatting</Filter>
    </ClCompile>
    <ClCompile Include="..\..\..\i18n\nounit.cpp">
      <Filter>Source Files\misc</Filter>
    </ClCompile>
    <ClCompile Include="..\..\..\i18n\ucln_in.cpp">
      <Filter>Source Files\misc</Filter>
    </ClCompile>
    <ClCompile Include="..\..\..\i18n\regexcmp.cpp">
      <Filter>Source Files\regex</Filter>
    </ClCompile>
    <ClCompile Include="..\..\..\i18n\regeximp.cpp">
      <Filter>Source Files\regex</Filter>
    </ClCompile>
    <ClCompile Include="..\..\..\i18n\regexst.cpp">
      <Filter>Source Files\regex</Filter>
    </ClCompile>
    <ClCompile Include="..\..\..\i18n\regextxt.cpp">
      <Filter>Source Files\regex</Filter>
    </ClCompile>
    <ClCompile Include="..\..\..\i18n\rematch.cpp">
      <Filter>Source Files\regex</Filter>
    </ClCompile>
    <ClCompile Include="..\..\..\i18n\repattrn.cpp">
      <Filter>Source Files\regex</Filter>
    </ClCompile>
    <ClCompile Include="..\..\..\i18n\uregex.cpp">
      <Filter>Source Files\regex</Filter>
    </ClCompile>
    <ClCompile Include="..\..\..\i18n\uregexc.cpp">
      <Filter>Source Files\regex</Filter>
    </ClCompile>
    <ClCompile Include="..\..\..\i18n\scriptset.cpp">
      <Filter>Source Files\spoof</Filter>
    </ClCompile>
    <ClCompile Include="..\..\..\i18n\uspoof.cpp">
      <Filter>Source Files\spoof</Filter>
    </ClCompile>
    <ClCompile Include="..\..\..\i18n\uspoof_build.cpp">
      <Filter>Source Files\spoof</Filter>
    </ClCompile>
    <ClCompile Include="..\..\..\i18n\uspoof_conf.cpp">
      <Filter>Source Files\spoof</Filter>
    </ClCompile>
    <ClCompile Include="..\..\..\i18n\uspoof_impl.cpp">
      <Filter>Source Files\spoof</Filter>
    </ClCompile>
    <ClCompile Include="..\..\..\i18n\anytrans.cpp">
      <Filter>Source Files\transforms</Filter>
    </ClCompile>
    <ClCompile Include="..\..\..\i18n\brktrans.cpp">
      <Filter>Source Files\transforms</Filter>
    </ClCompile>
    <ClCompile Include="..\..\..\i18n\casetrn.cpp">
      <Filter>Source Files\transforms</Filter>
    </ClCompile>
    <ClCompile Include="..\..\..\i18n\cpdtrans.cpp">
      <Filter>Source Files\transforms</Filter>
    </ClCompile>
    <ClCompile Include="..\..\..\i18n\esctrn.cpp">
      <Filter>Source Files\transforms</Filter>
    </ClCompile>
    <ClCompile Include="..\..\..\i18n\funcrepl.cpp">
      <Filter>Source Files\transforms</Filter>
    </ClCompile>
    <ClCompile Include="..\..\..\i18n\name2uni.cpp">
      <Filter>Source Files\transforms</Filter>
    </ClCompile>
    <ClCompile Include="..\..\..\i18n\nortrans.cpp">
      <Filter>Source Files\transforms</Filter>
    </ClCompile>
    <ClCompile Include="..\..\..\i18n\nultrans.cpp">
      <Filter>Source Files\transforms</Filter>
    </ClCompile>
    <ClCompile Include="..\..\..\i18n\quant.cpp">
      <Filter>Source Files\transforms</Filter>
    </ClCompile>
    <ClCompile Include="..\..\..\i18n\rbt.cpp">
      <Filter>Source Files\transforms</Filter>
    </ClCompile>
    <ClCompile Include="..\..\..\i18n\rbt_data.cpp">
      <Filter>Source Files\transforms</Filter>
    </ClCompile>
    <ClCompile Include="..\..\..\i18n\rbt_pars.cpp">
      <Filter>Source Files\transforms</Filter>
    </ClCompile>
    <ClCompile Include="..\..\..\i18n\rbt_rule.cpp">
      <Filter>Source Files\transforms</Filter>
    </ClCompile>
    <ClCompile Include="..\..\..\i18n\rbt_set.cpp">
      <Filter>Source Files\transforms</Filter>
    </ClCompile>
    <ClCompile Include="..\..\..\i18n\remtrans.cpp">
      <Filter>Source Files\transforms</Filter>
    </ClCompile>
    <ClCompile Include="..\..\..\i18n\strmatch.cpp">
      <Filter>Source Files\transforms</Filter>
    </ClCompile>
    <ClCompile Include="..\..\..\i18n\strrepl.cpp">
      <Filter>Source Files\transforms</Filter>
    </ClCompile>
    <ClCompile Include="..\..\..\i18n\titletrn.cpp">
      <Filter>Source Files\transforms</Filter>
    </ClCompile>
    <ClCompile Include="..\..\..\i18n\tolowtrn.cpp">
      <Filter>Source Files\transforms</Filter>
    </ClCompile>
    <ClCompile Include="..\..\..\i18n\toupptrn.cpp">
      <Filter>Source Files\transforms</Filter>
    </ClCompile>
    <ClCompile Include="..\..\..\i18n\translit.cpp">
      <Filter>Source Files\transforms</Filter>
    </ClCompile>
    <ClCompile Include="..\..\..\i18n\transreg.cpp">
      <Filter>Source Files\transforms</Filter>
    </ClCompile>
    <ClCompile Include="..\..\..\i18n\tridpars.cpp">
      <Filter>Source Files\transforms</Filter>
    </ClCompile>
    <ClCompile Include="..\..\..\i18n\unesctrn.cpp">
      <Filter>Source Files\transforms</Filter>
    </ClCompile>
    <ClCompile Include="..\..\..\i18n\uni2name.cpp">
      <Filter>Source Files\transforms</Filter>
    </ClCompile>
    <ClCompile Include="..\..\..\i18n\utrans.cpp">
      <Filter>Source Files\transforms</Filter>
    </ClCompile>
  </ItemGroup>
  <ItemGroup>
    <ClInclude Include="..\..\..\i18n\csdetect.h">
      <Filter>Source Files\charset detect</Filter>
    </ClInclude>
    <ClInclude Include="..\..\..\i18n\csmatch.h">
      <Filter>Source Files\charset detect</Filter>
    </ClInclude>
    <ClInclude Include="..\..\..\i18n\csr2022.h">
      <Filter>Source Files\charset detect</Filter>
    </ClInclude>
    <ClInclude Include="..\..\..\i18n\csrecog.h">
      <Filter>Source Files\charset detect</Filter>
    </ClInclude>
    <ClInclude Include="..\..\..\i18n\csrmbcs.h">
      <Filter>Source Files\charset detect</Filter>
    </ClInclude>
    <ClInclude Include="..\..\..\i18n\csrsbcs.h">
      <Filter>Source Files\charset detect</Filter>
    </ClInclude>
    <ClInclude Include="..\..\..\i18n\csrucode.h">
      <Filter>Source Files\charset detect</Filter>
    </ClInclude>
    <ClInclude Include="..\..\..\i18n\csrutf8.h">
      <Filter>Source Files\charset detect</Filter>
    </ClInclude>
    <ClInclude Include="..\..\..\i18n\inputext.h">
      <Filter>Source Files\charset detect</Filter>
    </ClInclude>
    <ClInclude Include="..\..\..\i18n\bocsu.h">
      <Filter>Source Files\collation</Filter>
    </ClInclude>
    <ClInclude Include="..\..\..\i18n\collation.h">
      <Filter>Source Files\collation</Filter>
    </ClInclude>
    <ClInclude Include="..\..\..\i18n\collationbuilder.h">
      <Filter>Source Files\collation</Filter>
    </ClInclude>
    <ClInclude Include="..\..\..\i18n\collationcompare.h">
      <Filter>Source Files\collation</Filter>
    </ClInclude>
    <ClInclude Include="..\..\..\i18n\collationdata.h">
      <Filter>Source Files\collation</Filter>
    </ClInclude>
    <ClInclude Include="..\..\..\i18n\collationdatabuilder.h">
      <Filter>Source Files\collation</Filter>
    </ClInclude>
    <ClInclude Include="..\..\..\i18n\collationdatareader.h">
      <Filter>Source Files\collation</Filter>
    </ClInclude>
    <ClInclude Include="..\..\..\i18n\collationdatawriter.h">
      <Filter>Source Files\collation</Filter>
    </ClInclude>
    <ClInclude Include="..\..\..\i18n\collationfastlatin.h">
      <Filter>Source Files\collation</Filter>
    </ClInclude>
    <ClInclude Include="..\..\..\i18n\collationfastlatinbuilder.h">
      <Filter>Source Files\collation</Filter>
    </ClInclude>
    <ClInclude Include="..\..\..\i18n\collationfcd.h">
      <Filter>Source Files\collation</Filter>
    </ClInclude>
    <ClInclude Include="..\..\..\i18n\collationiterator.h">
      <Filter>Source Files\collation</Filter>
    </ClInclude>
    <ClInclude Include="..\..\..\i18n\collationkeys.h">
      <Filter>Source Files\collation</Filter>
    </ClInclude>
    <ClInclude Include="..\..\..\i18n\collationroot.h">
      <Filter>Source Files\collation</Filter>
    </ClInclude>
    <ClInclude Include="..\..\..\i18n\collationrootelements.h">
      <Filter>Source Files\collation</Filter>
    </ClInclude>
    <ClInclude Include="..\..\..\i18n\collationruleparser.h">
      <Filter>Source Files\collation</Filter>
    </ClInclude>
    <ClInclude Include="..\..\..\i18n\collationsets.h">
      <Filter>Source Files\collation</Filter>
    </ClInclude>
    <ClInclude Include="..\..\..\i18n\collationsettings.h">
      <Filter>Source Files\collation</Filter>
    </ClInclude>
    <ClInclude Include="..\..\..\i18n\collationtailoring.h">
      <Filter>Source Files\collation</Filter>
    </ClInclude>
    <ClInclude Include="..\..\..\i18n\collationweights.h">
      <Filter>Source Files\collation</Filter>
    </ClInclude>
    <ClInclude Include="..\..\..\i18n\ucol_imp.h">
      <Filter>Source Files\collation</Filter>
    </ClInclude>
    <ClInclude Include="..\..\..\i18n\uitercollationiterator.h">
      <Filter>Source Files\collation</Filter>
    </ClInclude>
    <ClInclude Include="..\..\..\i18n\usrchimp.h">
      <Filter>Source Files\collation</Filter>
    </ClInclude>
    <ClInclude Include="..\..\..\i18n\utf8collationiterator.h">
      <Filter>Source Files\collation</Filter>
    </ClInclude>
    <ClInclude Include="..\..\..\i18n\utf16collationiterator.h">
      <Filter>Source Files\collation</Filter>
    </ClInclude>
    <ClInclude Include="..\..\..\i18n\astro.h">
      <Filter>Source Files\formatting</Filter>
    </ClInclude>
    <ClInclude Include="..\..\..\i18n\buddhcal.h">
      <Filter>Source Files\formatting</Filter>
    </ClInclude>
    <ClInclude Include="..\..\..\i18n\cecal.h">
      <Filter>Source Files\formatting</Filter>
    </ClInclude>
    <ClInclude Include="..\..\..\i18n\chnsecal.h">
      <Filter>Source Files\formatting</Filter>
    </ClInclude>
    <ClInclude Include="..\..\..\i18n\coptccal.h">
      <Filter>Source Files\formatting</Filter>
    </ClInclude>
    <ClInclude Include="..\..\..\i18n\currfmt.h">
      <Filter>Source Files\formatting</Filter>
    </ClInclude>
    <ClInclude Include="..\..\..\i18n\dangical.h">
      <Filter>Source Files\formatting</Filter>
    </ClInclude>
    <ClInclude Include="..\..\..\i18n\dayperiodrules.h">
      <Filter>Source Files\formatting</Filter>
    </ClInclude>
    <ClInclude Include="..\..\..\i18n\decContext.h">
      <Filter>Source Files\formatting</Filter>
    </ClInclude>
    <ClInclude Include="..\..\..\i18n\decNumber.h">
      <Filter>Source Files\formatting</Filter>
    </ClInclude>
    <ClInclude Include="..\..\..\i18n\decNumberLocal.h">
      <Filter>Source Files\formatting</Filter>
    </ClInclude>
    <ClInclude Include="..\..\..\i18n\double-conversion.h">
      <Filter>Source Files\formatting</Filter>
    </ClInclude>
    <ClInclude Include="..\..\..\i18n\double-conversion-bignum.h">
      <Filter>Source Files\formatting</Filter>
    </ClInclude>
    <ClInclude Include="..\..\..\i18n\double-conversion-bignum-dtoa.h">
      <Filter>Source Files\formatting</Filter>
    </ClInclude>
    <ClInclude Include="..\..\..\i18n\double-conversion-cached-powers.h">
      <Filter>Source Files\formatting</Filter>
    </ClInclude>
    <ClInclude Include="..\..\..\i18n\double-conversion-diy-fp.h">
      <Filter>Source Files\formatting</Filter>
    </ClInclude>
    <ClInclude Include="..\..\..\i18n\double-conversion-fast-dtoa.h">
      <Filter>Source Files\formatting</Filter>
    </ClInclude>
    <ClInclude Include="..\..\..\i18n\double-conversion-utils.h">
      <Filter>Source Files\formatting</Filter>
    </ClInclude>
    <ClInclude Include="..\..\..\i18n\double-conversion-strtod.h">
      <Filter>Source Files\formatting</Filter>
    </ClInclude>
    <ClInclude Include="..\..\..\i18n\double-conversion-ieee.h">
      <Filter>Source Files\formatting</Filter>
    </ClInclude>
    <ClInclude Include="..\..\..\i18n\dt_impl.h">
      <Filter>Source Files\formatting</Filter>
    </ClInclude>
    <ClInclude Include="..\..\..\i18n\dtitv_impl.h">
      <Filter>Source Files\formatting</Filter>
    </ClInclude>
    <ClInclude Include="..\..\..\i18n\dtptngen_impl.h">
      <Filter>Source Files\formatting</Filter>
    </ClInclude>
    <ClInclude Include="..\..\..\i18n\erarules.h">
      <Filter>Source Files\formatting</Filter>
    </ClInclude>
    <ClInclude Include="..\..\..\i18n\ethpccal.h">
      <Filter>Source Files\formatting</Filter>
    </ClInclude>
    <ClInclude Include="..\..\..\i18n\fphdlimp.h">
      <Filter>Source Files\formatting</Filter>
    </ClInclude>
    <ClInclude Include="..\..\..\i18n\gregoimp.h">
      <Filter>Source Files\formatting</Filter>
    </ClInclude>
    <ClInclude Include="..\..\..\i18n\hebrwcal.h">
      <Filter>Source Files\formatting</Filter>
    </ClInclude>
    <ClInclude Include="..\..\..\i18n\indiancal.h">
      <Filter>Source Files\formatting</Filter>
    </ClInclude>
    <ClInclude Include="..\..\..\i18n\islamcal.h">
      <Filter>Source Files\formatting</Filter>
    </ClInclude>
    <ClInclude Include="..\..\..\i18n\japancal.h">
      <Filter>Source Files\formatting</Filter>
    </ClInclude>
    <ClInclude Include="..\..\..\i18n\msgfmt_impl.h">
      <Filter>Source Files\formatting</Filter>
    </ClInclude>
    <ClInclude Include="..\..\..\i18n\nfrlist.h">
      <Filter>Source Files\formatting</Filter>
    </ClInclude>
    <ClInclude Include="..\..\..\i18n\nfrs.h">
      <Filter>Source Files\formatting</Filter>
    </ClInclude>
    <ClInclude Include="..\..\..\i18n\nfrule.h">
      <Filter>Source Files\formatting</Filter>
    </ClInclude>
    <ClInclude Include="..\..\..\i18n\nfsubs.h">
      <Filter>Source Files\formatting</Filter>
    </ClInclude>
    <ClInclude Include="..\..\..\i18n\number_affixutils.h">
      <Filter>Source Files\formatting</Filter>
    </ClInclude>
    <ClInclude Include="..\..\..\i18n\number_asformat.h">
      <Filter>Source Files\formatting</Filter>
    </ClInclude>
    <ClInclude Include="..\..\..\i18n\number_compact.h">
      <Filter>Source Files\formatting</Filter>
    </ClInclude>
    <ClInclude Include="..\..\..\i18n\number_currencysymbols.h">
      <Filter>Source Files\formatting</Filter>
    </ClInclude>
    <ClInclude Include="..\..\..\i18n\number_decimalquantity.h">
      <Filter>Source Files\formatting</Filter>
    </ClInclude>
    <ClInclude Include="..\..\..\i18n\number_decimfmtprops.h">
      <Filter>Source Files\formatting</Filter>
    </ClInclude>
    <ClInclude Include="..\..\..\i18n\number_decnum.h">
      <Filter>Source Files\formatting</Filter>
    </ClInclude>
    <ClInclude Include="..\..\..\i18n\number_formatimpl.h">
      <Filter>Source Files\formatting</Filter>
    </ClInclude>
    <ClInclude Include="..\..\..\i18n\number_longnames.h">
      <Filter>Source Files\formatting</Filter>
    </ClInclude>
    <ClInclude Include="..\..\..\i18n\number_mapper.h">
      <Filter>Source Files\formatting</Filter>
    </ClInclude>
    <ClInclude Include="..\..\..\i18n\number_microprops.h">
      <Filter>Source Files\formatting</Filter>
    </ClInclude>
    <ClInclude Include="..\..\..\i18n\number_modifiers.h">
      <Filter>Source Files\formatting</Filter>
    </ClInclude>
    <ClInclude Include="..\..\..\i18n\number_multiplier.h">
      <Filter>Source Files\formatting</Filter>
    </ClInclude>
    <ClInclude Include="..\..\..\i18n\number_patternmodifier.h">
      <Filter>Source Files\formatting</Filter>
    </ClInclude>
    <ClInclude Include="..\..\..\i18n\number_patternstring.h">
      <Filter>Source Files\formatting</Filter>
    </ClInclude>
    <ClInclude Include="..\..\..\i18n\number_roundingutils.h">
      <Filter>Source Files\formatting</Filter>
    </ClInclude>
    <ClInclude Include="..\..\..\i18n\number_scientific.h">
      <Filter>Source Files\formatting</Filter>
    </ClInclude>
    <ClInclude Include="..\..\..\i18n\number_skeletons.h">
      <Filter>Source Files\formatting</Filter>
    </ClInclude>
    <ClInclude Include="..\..\..\i18n\number_stringbuilder.h">
      <Filter>Source Files\formatting</Filter>
    </ClInclude>
    <ClInclude Include="..\..\..\i18n\number_types.h">
      <Filter>Source Files\formatting</Filter>
    </ClInclude>
    <ClInclude Include="..\..\..\i18n\number_utils.h">
      <Filter>Source Files\formatting</Filter>
    </ClInclude>
    <ClInclude Include="..\..\..\i18n\number_utypes.h">
      <Filter>Source Files\formatting</Filter>
    </ClInclude>
    <ClInclude Include="..\..\..\i18n\numparse_affixes.h">
      <Filter>Source Files\formatting</Filter>
    </ClInclude>
    <ClInclude Include="..\..\..\i18n\numparse_compositions.h">
      <Filter>Source Files\formatting</Filter>
    </ClInclude>
    <ClInclude Include="..\..\..\i18n\numparse_currency.h">
      <Filter>Source Files\formatting</Filter>
    </ClInclude>
    <ClInclude Include="..\..\..\i18n\numparse_decimal.h">
      <Filter>Source Files\formatting</Filter>
    </ClInclude>
    <ClInclude Include="..\..\..\i18n\numparse_impl.h">
      <Filter>Source Files\formatting</Filter>
    </ClInclude>
    <ClInclude Include="..\..\..\i18n\numparse_scientific.h">
      <Filter>Source Files\formatting</Filter>
    </ClInclude>
    <ClInclude Include="..\..\..\i18n\numparse_stringsegment.h">
      <Filter>Source Files\formatting</Filter>
    </ClInclude>
    <ClInclude Include="..\..\..\i18n\numparse_symbols.h">
      <Filter>Source Files\formatting</Filter>
    </ClInclude>
    <ClInclude Include="..\..\..\i18n\numparse_types.h">
      <Filter>Source Files\formatting</Filter>
    </ClInclude>
    <ClInclude Include="..\..\..\i18n\numparse_utils.h">
      <Filter>Source Files\formatting</Filter>
    </ClInclude>
    <ClInclude Include="..\..\..\i18n\numparse_validators.h">
      <Filter>Source Files\formatting</Filter>
    </ClInclude>
    <ClInclude Include="..\..\..\i18n\numrange_impl.h">
      <Filter>Source Files\formatting</Filter>
    </ClInclude>
    <ClInclude Include="..\..\..\i18n\numsys_impl.h">
      <Filter>Source Files\formatting</Filter>
    </ClInclude>
    <ClInclude Include="..\..\..\i18n\olsontz.h">
      <Filter>Source Files\formatting</Filter>
    </ClInclude>
    <ClInclude Include="..\..\..\i18n\persncal.h">
      <Filter>Source Files\formatting</Filter>
    </ClInclude>
    <ClInclude Include="..\..\..\i18n\plurrule_impl.h">
      <Filter>Source Files\formatting</Filter>
    </ClInclude>
    <ClInclude Include="..\..\..\i18n\quantityformatter.h">
      <Filter>Source Files\formatting</Filter>
    </ClInclude>
    <ClInclude Include="..\..\..\i18n\region_impl.h">
      <Filter>Source Files\formatting</Filter>
    </ClInclude>
    <ClInclude Include="..\..\..\i18n\reldtfmt.h">
      <Filter>Source Files\formatting</Filter>
    </ClInclude>
    <ClInclude Include="..\..\..\i18n\selfmtimpl.h">
      <Filter>Source Files\formatting</Filter>
    </ClInclude>
    <ClInclude Include="..\..\..\i18n\sharedbreakiterator.h">
      <Filter>Source Files\formatting</Filter>
    </ClInclude>
    <ClInclude Include="..\..\..\i18n\sharedcalendar.h">
      <Filter>Source Files\formatting</Filter>
    </ClInclude>
    <ClInclude Include="..\..\..\i18n\shareddateformatsymbols.h">
      <Filter>Source Files\formatting</Filter>
    </ClInclude>
    <ClInclude Include="..\..\..\i18n\sharednumberformat.h">
      <Filter>Source Files\formatting</Filter>
    </ClInclude>
    <ClInclude Include="..\..\..\i18n\sharedpluralrules.h">
      <Filter>Source Files\formatting</Filter>
    </ClInclude>
    <ClInclude Include="..\..\..\i18n\smpdtfst.h">
      <Filter>Source Files\formatting</Filter>
    </ClInclude>
    <ClInclude Include="..\..\..\i18n\standardplural.h">
      <Filter>Source Files\formatting</Filter>
    </ClInclude>
    <ClInclude Include="..\..\..\i18n\taiwncal.h">
      <Filter>Source Files\formatting</Filter>
    </ClInclude>
    <ClInclude Include="..\..\..\i18n\tzgnames.h">
      <Filter>Source Files\formatting</Filter>
    </ClInclude>
    <ClInclude Include="..\..\..\i18n\tznames_impl.h">
      <Filter>Source Files\formatting</Filter>
    </ClInclude>
    <ClInclude Include="..\..\..\i18n\umsg_imp.h">
      <Filter>Source Files\formatting</Filter>
    </ClInclude>
    <ClInclude Include="..\..\..\i18n\vzone.h">
      <Filter>Source Files\formatting</Filter>
    </ClInclude>
    <ClInclude Include="..\..\..\i18n\windtfmt.h">
      <Filter>Source Files\formatting</Filter>
    </ClInclude>
    <ClInclude Include="..\..\..\i18n\winnmfmt.h">
      <Filter>Source Files\formatting</Filter>
    </ClInclude>
    <ClInclude Include="..\..\..\i18n\wintzimpl.h">
      <Filter>Source Files\formatting</Filter>
    </ClInclude>
    <ClInclude Include="..\..\..\i18n\zonemeta.h">
      <Filter>Source Files\formatting</Filter>
    </ClInclude>
    <ClInclude Include="..\..\..\i18n\zrule.h">
      <Filter>Source Files\formatting</Filter>
    </ClInclude>
    <ClInclude Include="..\..\..\i18n\ztrans.h">
      <Filter>Source Files\formatting</Filter>
    </ClInclude>
    <ClInclude Include="..\..\..\i18n\ucln_in.h">
      <Filter>Source Files\misc</Filter>
    </ClInclude>
    <ClInclude Include="..\..\..\i18n\regexcmp.h">
      <Filter>Source Files\regex</Filter>
    </ClInclude>
    <ClInclude Include="..\..\..\i18n\regexcst.h">
      <Filter>Source Files\regex</Filter>
    </ClInclude>
    <ClInclude Include="..\..\..\i18n\regeximp.h">
      <Filter>Source Files\regex</Filter>
    </ClInclude>
    <ClInclude Include="..\..\..\i18n\regexst.h">
      <Filter>Source Files\regex</Filter>
    </ClInclude>
    <ClInclude Include="..\..\..\i18n\regextxt.h">
      <Filter>Source Files\regex</Filter>
    </ClInclude>
    <ClInclude Include="..\..\..\i18n\scriptset.h">
      <Filter>Source Files\spoof</Filter>
    </ClInclude>
    <ClInclude Include="..\..\..\i18n\uspoof_conf.h">
      <Filter>Source Files\spoof</Filter>
    </ClInclude>
    <ClInclude Include="..\..\..\i18n\uspoof_impl.h">
      <Filter>Source Files\spoof</Filter>
    </ClInclude>
    <ClInclude Include="..\..\..\i18n\anytrans.h">
      <Filter>Source Files\transforms</Filter>
    </ClInclude>
    <ClInclude Include="..\..\..\i18n\brktrans.h">
      <Filter>Source Files\transforms</Filter>
    </ClInclude>
    <ClInclude Include="..\..\..\i18n\casetrn.h">
      <Filter>Source Files\transforms</Filter>
    </ClInclude>
    <ClInclude Include="..\..\..\i18n\collunsafe.h">
      <Filter>Source Files\transforms</Filter>
    </ClInclude>
    <ClInclude Include="..\..\..\i18n\cpdtrans.h">
      <Filter>Source Files\transforms</Filter>
    </ClInclude>
    <ClInclude Include="..\..\..\i18n\esctrn.h">
      <Filter>Source Files\transforms</Filter>
    </ClInclude>
    <ClInclude Include="..\..\..\i18n\fmtableimp.h">
      <Filter>Source Files\transforms</Filter>
    </ClInclude>
    <ClInclude Include="..\..\..\i18n\funcrepl.h">
      <Filter>Source Files\transforms</Filter>
    </ClInclude>
    <ClInclude Include="..\..\..\i18n\name2uni.h">
      <Filter>Source Files\transforms</Filter>
    </ClInclude>
    <ClInclude Include="..\..\..\i18n\nortrans.h">
      <Filter>Source Files\transforms</Filter>
    </ClInclude>
    <ClInclude Include="..\..\..\i18n\nultrans.h">
      <Filter>Source Files\transforms</Filter>
    </ClInclude>
    <ClInclude Include="..\..\..\i18n\quant.h">
      <Filter>Source Files\transforms</Filter>
    </ClInclude>
    <ClInclude Include="..\..\..\i18n\rbt.h">
      <Filter>Source Files\transforms</Filter>
    </ClInclude>
    <ClInclude Include="..\..\..\i18n\rbt_data.h">
      <Filter>Source Files\transforms</Filter>
    </ClInclude>
    <ClInclude Include="..\..\..\i18n\rbt_pars.h">
      <Filter>Source Files\transforms</Filter>
    </ClInclude>
    <ClInclude Include="..\..\..\i18n\rbt_rule.h">
      <Filter>Source Files\transforms</Filter>
    </ClInclude>
    <ClInclude Include="..\..\..\i18n\rbt_set.h">
      <Filter>Source Files\transforms</Filter>
    </ClInclude>
    <ClInclude Include="..\..\..\i18n\remtrans.h">
      <Filter>Source Files\transforms</Filter>
    </ClInclude>
    <ClInclude Include="..\..\..\i18n\strmatch.h">
      <Filter>Source Files\transforms</Filter>
    </ClInclude>
    <ClInclude Include="..\..\..\i18n\strrepl.h">
      <Filter>Source Files\transforms</Filter>
    </ClInclude>
    <ClInclude Include="..\..\..\i18n\titletrn.h">
      <Filter>Source Files\transforms</Filter>
    </ClInclude>
    <ClInclude Include="..\..\..\i18n\tolowtrn.h">
      <Filter>Source Files\transforms</Filter>
    </ClInclude>
    <ClInclude Include="..\..\..\i18n\toupptrn.h">
      <Filter>Source Files\transforms</Filter>
    </ClInclude>
    <ClInclude Include="..\..\..\i18n\transreg.h">
      <Filter>Source Files\transforms</Filter>
    </ClInclude>
    <ClInclude Include="..\..\..\i18n\tridpars.h">
      <Filter>Source Files\transforms</Filter>
    </ClInclude>
    <ClInclude Include="..\..\..\i18n\unesctrn.h">
      <Filter>Source Files\transforms</Filter>
    </ClInclude>
    <ClInclude Include="..\..\..\i18n\uni2name.h">
      <Filter>Source Files\transforms</Filter>
    </ClInclude>
  </ItemGroup>
  <ItemGroup>
    <ResourceCompile Include="..\..\..\i18n\i18n.rc">
      <Filter>Resource Files</Filter>
    </ResourceCompile>
  </ItemGroup>
  <ItemGroup>
    <Text Include="..\..\..\i18n\regexcst.txt">
      <Filter>Source Files\regex</Filter>
    </Text>
  </ItemGroup>
</Project>